<?xml version="1.0" encoding="utf-8"?>
<Project ToolsVersion="4.0" xmlns="http://schemas.microsoft.com/developer/msbuild/2003">
  <ItemGroup>
    <Filter Include="Source Files">
      <UniqueIdentifier>{4FC737F1-C7A5-4376-A066-2A32D752A2FF}</UniqueIdentifier>
      <Extensions>cpp;c;cc;cxx;c++;cppm;ixx;def;odl;idl;hpj;bat;asm;asmx</Extensions>
    </Filter>
    <Filter Include="Header Files">
      <UniqueIdentifier>{93995380-89BD-4b04-88EB-625FBE52EBFB}</UniqueIdentifier>
      <Extensions>h;hh;hpp;hxx;h++;hm;inl;inc;ipp;xsd</Extensions>
    </Filter>
    <Filter Include="Resource Files">
      <UniqueIdentifier>{67DA6AB6-F800-4c08-8B7A-83BB121AAD01}</UniqueIdentifier>
      <Extensions>rc;ico;cur;bmp;dlg;rc2;rct;bin;rgs;gif;jpg;jpeg;jpe;resx;tiff;tif;png;wav;mfcribbon-ms</Extensions>
    </Filter>
    <Filter Include="Shader Headers">
      <UniqueIdentifier>{530ce210-10b5-42c1-8cdc-6199d37c53da}</UniqueIdentifier>
    </Filter>
    <Filter Include="Shaders">
      <UniqueIdentifier>{e23cb4d8-05b6-4e9c-b653-bfe9ca5b9109}</UniqueIdentifier>
    </Filter>
    <Filter Include="Source Files\Assets">
      <UniqueIdentifier>{15991550-9069-4579-9a28-4b2a26b49c21}</UniqueIdentifier>
    </Filter>
    <Filter Include="Source Files\Vulkan">
      <UniqueIdentifier>{d38dddd3-f25e-4541-9e52-5d3c4e95fdbf}</UniqueIdentifier>
    </Filter>
    <Filter Include="Source Files\Scene">
      <UniqueIdentifier>{7f3d8d2a-fab5-4e59-ad68-aad420d3355a}</UniqueIdentifier>
    </Filter>
    <Filter Include="Source Files\Map">
      <UniqueIdentifier>{78358e8d-28a4-4281-b324-55690c974d97}</UniqueIdentifier>
    </Filter>
    <Filter Include="Source Files\Items">
      <UniqueIdentifier>{0b907e33-046c-4621-a69f-9e32c38195b8}</UniqueIdentifier>
    </Filter>
    <Filter Include="Source Files\Character">
      <UniqueIdentifier>{a61c6ffc-db88-4803-b1e0-1ac012f7252f}</UniqueIdentifier>
    </Filter>
  </ItemGroup>
  <ItemGroup>
    <ClCompile Include="src\MapLoader\hello_vulkan.cpp">
      <Filter>Source Files</Filter>
    </ClCompile>
    <ClCompile Include="src\MapLoader\main.cpp">
      <Filter>Source Files</Filter>
    </ClCompile>
    <ClCompile Include="src\MapLoader\obj_loader.cpp">
      <Filter>Source Files</Filter>
    </ClCompile>
    <ClCompile Include="src\MapLoader\Assets\ModelData.cpp">
      <Filter>Source Files\Assets</Filter>
    </ClCompile>
    <ClCompile Include="src\MapLoader\Assets\ModelLibrary.cpp">
      <Filter>Source Files\Assets</Filter>
    </ClCompile>
    <ClCompile Include="src\MapLoader\Assets\TextureLibrary.cpp">
      <Filter>Source Files\Assets</Filter>
    </ClCompile>
    <ClCompile Include="src\MapLoader\Assets\TextureAsset.cpp">
      <Filter>Source Files\Assets</Filter>
    </ClCompile>
    <ClCompile Include="src\MapLoader\Vulkan\VulkanContext.cpp">
      <Filter>Source Files\Vulkan</Filter>
    </ClCompile>
    <ClCompile Include="src\MapLoader\Scene\RTScene.cpp">
      <Filter>Source Files\Scene</Filter>
    </ClCompile>
    <ClCompile Include="src\MapLoader\Scene\SceneObject.cpp">
      <Filter>Source Files\Scene</Filter>
    </ClCompile>
    <ClCompile Include="src\MapLoader\Map\FlatModel.cpp">
      <Filter>Source Files\Map</Filter>
    </ClCompile>
    <ClCompile Include="src\MapLoader\Map\FlatLibrary.cpp">
      <Filter>Source Files\Map</Filter>
    </ClCompile>
    <ClCompile Include="src\MapLoader\Items\Dyes.cpp">
      <Filter>Source Files\Items</Filter>
    </ClCompile>
    <ClCompile Include="src\MapLoader\Items\Emotions.cpp">
      <Filter>Source Files\Items</Filter>
    </ClCompile>
    <ClCompile Include="src\MapLoader\Character\Character.cpp">
      <Filter>Source Files\Character</Filter>
    </ClCompile>
  </ItemGroup>
  <ItemGroup>
    <ClInclude Include="src\MapLoader\hello_vulkan.h">
      <Filter>Source Files</Filter>
    </ClInclude>
    <ClInclude Include="shaders\host_device.h">
      <Filter>Shader Headers</Filter>
    </ClInclude>
    <ClInclude Include="src\MapLoader\obj_loader.h">
      <Filter>Source Files</Filter>
    </ClInclude>
    <ClInclude Include="src\MapLoader\Assets\ModelData.h">
      <Filter>Source Files\Assets</Filter>
    </ClInclude>
    <ClInclude Include="src\MapLoader\Assets\ModelLibrary.h">
      <Filter>Source Files\Assets</Filter>
    </ClInclude>
    <ClInclude Include="src\MapLoader\Assets\TextureLibrary.h">
      <Filter>Source Files\Assets</Filter>
    </ClInclude>
    <ClInclude Include="src\MapLoader\Assets\TextureAsset.h">
      <Filter>Source Files\Assets</Filter>
    </ClInclude>
    <ClInclude Include="src\MapLoader\Vulkan\VulkanContext.h">
      <Filter>Source Files\Vulkan</Filter>
    </ClInclude>
    <ClInclude Include="src\MapLoader\Scene\RTScene.h">
      <Filter>Source Files\Scene</Filter>
    </ClInclude>
    <ClInclude Include="src\MapLoader\Scene\SceneObject.h">
      <Filter>Source Files\Scene</Filter>
    </ClInclude>
    <ClInclude Include="src\MapLoader\Map\FlatModel.h">
      <Filter>Source Files\Map</Filter>
    </ClInclude>
    <ClInclude Include="src\MapLoader\Map\FlatLibrary.h">
      <Filter>Source Files\Map</Filter>
    </ClInclude>
    <ClInclude Include="src\MapLoader\Items\Dyes.h">
      <Filter>Source Files\Items</Filter>
    </ClInclude>
    <ClInclude Include="src\MapLoader\Items\Emotions.h">
      <Filter>Source Files\Items</Filter>
    </ClInclude>
    <ClInclude Include="src\MapLoader\Character\Character.h">
      <Filter>Source Files\Character</Filter>
    </ClInclude>
  </ItemGroup>
  <ItemGroup>
    <None Include="shaders\wavefront.glsl">
      <Filter>Shader Headers</Filter>
    </None>
    <None Include="shaders\raycommon.glsl">
      <Filter>Shader Headers</Filter>
    </None>
    <None Include="shaders\raytrace-rahit.glsl">
      <Filter>Shader Headers</Filter>
    </None>
  </ItemGroup>
  <ItemGroup>
    <CustomBuild Include="shaders\vert_shader.vert">
      <Filter>Shaders</Filter>
    </CustomBuild>
    <CustomBuild Include="shaders\raytraceShadow.rmiss">
      <Filter>Shaders</Filter>
    </CustomBuild>
    <CustomBuild Include="shaders\raytraceShadow.rchit">
      <Filter>Shaders</Filter>
    </CustomBuild>
    <CustomBuild Include="shaders\raytraceShadow.rahit">
      <Filter>Shaders</Filter>
    </CustomBuild>
    <CustomBuild Include="shaders\raytrace.rmiss">
      <Filter>Shaders</Filter>
    </CustomBuild>
    <CustomBuild Include="shaders\raytrace.rgen">
      <Filter>Shaders</Filter>
    </CustomBuild>
    <CustomBuild Include="shaders\raytrace.rchit">
      <Filter>Shaders</Filter>
    </CustomBuild>
    <CustomBuild Include="shaders\raytrace.rahit">
      <Filter>Shaders</Filter>
    </CustomBuild>
    <CustomBuild Include="shaders\post.frag">
      <Filter>Shaders</Filter>
    </CustomBuild>
    <CustomBuild Include="shaders\passthrough.vert">
      <Filter>Shaders</Filter>
    </CustomBuild>
    <CustomBuild Include="shaders\frag_shader.frag">
      <Filter>Shaders</Filter>
    </CustomBuild>
  </ItemGroup>
</Project>