<?xml version="1.0" encoding="utf-8"?>
<Project ToolsVersion="4.0" xmlns="http://schemas.microsoft.com/developer/msbuild/2003">
    <ItemGroup>
        <Filter Include="Source Files">
            <UniqueIdentifier>{4FC737F1-C7A5-4376-A066-2A32D752A2FF}</UniqueIdentifier>
            <Extensions>cpp;c;cc;cxx;c++;cppm;ixx;def;odl;idl;hpj;bat;asm;asmx</Extensions>
        </Filter>
        <Filter Include="Header Files">
            <UniqueIdentifier>{93995380-89BD-4b04-88EB-625FBE52EBFB}</UniqueIdentifier>
            <Extensions>h;hh;hpp;hxx;h++;hm;inl;inc;ipp;xsd</Extensions>
        </Filter>
        <Filter Include="Resource Files">
            <UniqueIdentifier>{67DA6AB6-F800-4c08-8B7A-83BB121AAD01}</UniqueIdentifier>
            <Extensions>rc;ico;cur;bmp;dlg;rc2;rct;bin;rgs;gif;jpg;jpeg;jpe;resx;tiff;tif;png;wav;mfcribbon-ms</Extensions>
        </Filter>
        <Filter Include="Source Files\Collection">
            <UniqueIdentifier>{5d789279-9832-4f2c-a0ad-85cc110d5a17}</UniqueIdentifier>
        </Filter>
        <Filter Include="Source Files\Data">
            <UniqueIdentifier>{9ff62e04-615f-4e70-9449-f2091ce9dc7a}</UniqueIdentifier>
        </Filter>
        <Filter Include="Source Files\Packets">
            <UniqueIdentifier>{31337e88-5da3-4960-9953-4ace913e6e8b}</UniqueIdentifier>
        </Filter>
        <Filter Include="Source Files\Enums">
            <UniqueIdentifier>{ab4cbd16-f8ec-4959-b6fe-49df2acd6f8f}</UniqueIdentifier>
        </Filter>
        <Filter Include="Source Files\Packets\Server">
            <UniqueIdentifier>{db44b9b3-ff8f-40fa-9ad5-86de01223465}</UniqueIdentifier>
        </Filter>
        <Filter Include="Source Files\Packets\Client">
            <UniqueIdentifier>{ede7145e-0f6a-4688-bc2a-24f17620cc03}</UniqueIdentifier>
        </Filter>
        <Filter Include="Source Files\Data\Meta">
            <UniqueIdentifier>{1feb876f-6b8c-4692-843b-7fc52951a49e}</UniqueIdentifier>
        </Filter>
    </ItemGroup>
    <ItemGroup>
        <ClInclude Include="./../GameData\src/GameData\Enums\ItemExtraDataType.h">
            <Filter>Source Files\Enums</Filter>
        </ClInclude>
    </ItemGroup>
    <ItemGroup>
        <ClInclude Include="./../GameData\src/GameData\Data\DyeColor.h">
            <Filter>Source Files\Data</Filter>
        </ClInclude>
    </ItemGroup>
    <ItemGroup>
        <ClInclude Include="./../GameData\src/GameData\Data\BasicStat.h">
            <Filter>Source Files\Data</Filter>
        </ClInclude>
    </ItemGroup>
    <ItemGroup>
        <ClInclude Include="./../GameData\src/GameData\Data\SpecialStat.h">
            <Filter>Source Files\Data</Filter>
        </ClInclude>
    </ItemGroup>
    <ItemGroup>
        <ClInclude Include="./../GameData\src/GameData\Data\SkillTreePageData.h">
            <Filter>Source Files\Data</Filter>
        </ClInclude>
    </ItemGroup>
    <ItemGroup>
        <ClInclude Include="./../GameData\src/GameData\Packets\Server\SkillData.h">
            <Filter>Source Files\Packets\Server</Filter>
        </ClInclude>
    </ItemGroup>
    <ItemGroup>
        <ClInclude Include="./../GameData\src/GameData\Packets\Server\ReconnectData.h">
            <Filter>Source Files\Packets\Server</Filter>
        </ClInclude>
    </ItemGroup>
    <ItemGroup>
        <ClInclude Include="./../GameData\src/GameData\Packets\Client\SystemInfoData.h">
            <Filter>Source Files\Packets\Client</Filter>
        </ClInclude>
    </ItemGroup>
    <ItemGroup>
        <ClInclude Include="./../GameData\src/GameData\Data\PacketCommon.h">
            <Filter>Source Files\Data</Filter>
        </ClInclude>
    </ItemGroup>
    <ItemGroup>
        <ClInclude Include="./../GameData\src/GameData\Packets\Server\MailData.h">
            <Filter>Source Files\Packets\Server</Filter>
        </ClInclude>
    </ItemGroup>
    <ItemGroup>
        <ClInclude Include="./../GameData\src/GameData\Packets\Server\BlackMarketData.h">
            <Filter>Source Files\Packets\Server</Filter>
        </ClInclude>
    </ItemGroup>
    <ItemGroup>
        <ClInclude Include="./../GameData\src/GameData\Packets\Server\CharacterListData.h">
            <Filter>Source Files\Packets\Server</Filter>
        </ClInclude>
    </ItemGroup>
    <ItemGroup>
        <ClInclude Include="./../GameData\src/GameData\Packets\Server\FurnishingStorageData.h">
            <Filter>Source Files\Packets\Server</Filter>
        </ClInclude>
    </ItemGroup>
    <ItemGroup>
        <ClInclude Include="./../GameData\src/GameData\Packets\Server\Reconnect7Data.h">
            <Filter>Source Files\Packets\Server</Filter>
        </ClInclude>
    </ItemGroup>
    <ItemGroup>
        <ClInclude Include="./../GameData\src/GameData\Packets\Server\NpcTalkServerData.h">
            <Filter>Source Files\Packets\Server</Filter>
        </ClInclude>
    </ItemGroup>
    <ItemGroup>
        <ClInclude Include="./../GameData\src/GameData\Packets\Server\FieldAddPetData.h">
            <Filter>Source Files\Packets\Server</Filter>
        </ClInclude>
    </ItemGroup>
    <ItemGroup>
        <ClInclude Include="./../GameData\src/GameData\Packets\Server\ShopData.h">
            <Filter>Source Files\Packets\Server</Filter>
        </ClInclude>
    </ItemGroup>
    <ItemGroup>
        <ClInclude Include="./../GameData\src/GameData\Packets\Server\BuffData.h">
            <Filter>Source Files\Packets\Server</Filter>
        </ClInclude>
    </ItemGroup>
    <ItemGroup>
        <ClInclude Include="./../GameData\src/GameData\Packets\Server\PetData.h">
            <Filter>Source Files\Packets\Server</Filter>
        </ClInclude>
    </ItemGroup>
    <ItemGroup>
        <ClInclude Include="./../GameData\src/GameData\Packets\Server\ServerEnterData.h">
            <Filter>Source Files\Packets\Server</Filter>
        </ClInclude>
    </ItemGroup>
    <ItemGroup>
        <ClInclude Include="./../GameData\src/GameData\Packets\Server\RequestFieldEnterData.h">
            <Filter>Source Files\Packets\Server</Filter>
        </ClInclude>
    </ItemGroup>
    <ItemGroup>
        <ClInclude Include="./../GameData\src/GameData\Packets\Client\StateSkillData.h">
            <Filter>Source Files\Packets\Client</Filter>
        </ClInclude>
    </ItemGroup>
    <ItemGroup>
        <ClInclude Include="./../GameData\src/GameData\Packets\Server\FittingDollData.h">
            <Filter>Source Files\Packets\Server</Filter>
        </ClInclude>
    </ItemGroup>
    <ItemGroup>
        <ClInclude Include="./../GameData\src/GameData\Packets\Server\ItemSkinPutOnData.h">
            <Filter>Source Files\Packets\Server</Filter>
        </ClInclude>
    </ItemGroup>
    <ItemGroup>
        <ClInclude Include="./../GameData\src/GameData\Packets\Server\FieldAddPlayerData.h">
            <Filter>Source Files\Packets\Server</Filter>
        </ClInclude>
    </ItemGroup>
    <ItemGroup>
        <ClInclude Include="./../GameData\src/GameData\Packets\Client\ResponseHeartbeatData.h">
            <Filter>Source Files\Packets\Client</Filter>
        </ClInclude>
    </ItemGroup>
    <ItemGroup>
        <ClInclude Include="./../GameData\src/GameData\Packets\Server\FieldRemovePlayerData.h">
            <Filter>Source Files\Packets\Server</Filter>
        </ClInclude>
    </ItemGroup>
    <ItemGroup>
        <ClInclude Include="./../GameData\src/GameData\Packets\Server\ItemPutOnData.h">
            <Filter>Source Files\Packets\Server</Filter>
        </ClInclude>
    </ItemGroup>
    <ItemGroup>
        <ClInclude Include="./../GameData\src/GameData\Packets\Server\UserChatData.h">
            <Filter>Source Files\Packets\Server</Filter>
        </ClInclude>
    </ItemGroup>
    <ItemGroup>
        <ClInclude Include="./../GameData\src/GameData\Enums\MapleStats.h">
            <Filter>Source Files\Enums</Filter>
        </ClInclude>
    </ItemGroup>
    <ItemGroup>
        <ClInclude Include="./../GameData\src/GameData\Packets\Server\LoadCubesData.h">
            <Filter>Source Files\Packets\Server</Filter>
        </ClInclude>
    </ItemGroup>
    <ItemGroup>
        <ClInclude Include="./../GameData\src/GameData\Packets\Server\UserChatItemLinkData.h">
            <Filter>Source Files\Packets\Server</Filter>
        </ClInclude>
    </ItemGroup>
    <ItemGroup>
        <ClInclude Include="./../GameData\src/GameData\Packets\Server\ItemPutOffData.h">
            <Filter>Source Files\Packets\Server</Filter>
        </ClInclude>
    </ItemGroup>
    <ItemGroup>
        <ClInclude Include="./../GameData\src/GameData\Packets\Client\LogInAuthTokenData.h">
            <Filter>Source Files\Packets\Client</Filter>
        </ClInclude>
    </ItemGroup>
    <ItemGroup>
        <ClInclude Include="./../GameData\src/GameData\Packets\Server\ItemSkinPutOffData.h">
            <Filter>Source Files\Packets\Server</Filter>
        </ClInclude>
    </ItemGroup>
    <ItemGroup>
        <ClInclude Include="./../GameData\src/GameData\Packets\Server\ItemUpdateData.h">
            <Filter>Source Files\Packets\Server</Filter>
        </ClInclude>
    </ItemGroup>
    <ItemGroup>
        <ClInclude Include="./../GameData\src/GameData\Packets\Server\ItemEnchantData.h">
            <Filter>Source Files\Packets\Server</Filter>
        </ClInclude>
    </ItemGroup>
    <ItemGroup>
        <ClInclude Include="./../GameData\src/GameData\Packets\Server\FieldAddItemData.h">
            <Filter>Source Files\Packets\Server</Filter>
        </ClInclude>
    </ItemGroup>
    <ItemGroup>
        <ClInclude Include="./../GameData\src/GameData\Packets\Server\FieldRemoveItemData.h">
            <Filter>Source Files\Packets\Server</Filter>
        </ClInclude>
    </ItemGroup>
    <ItemGroup>
        <ClInclude Include="./../GameData\src/GameData\Enums\MaplePlayer.h">
            <Filter>Source Files\Enums</Filter>
        </ClInclude>
    </ItemGroup>
    <ItemGroup>
        <ClInclude Include="./../GameData\src/GameData\Packets\Server\StatData.h">
            <Filter>Source Files\Packets\Server</Filter>
        </ClInclude>
    </ItemGroup>
    <ItemGroup>
        <ClInclude Include="./../GameData\src/GameData\Packets\Server\PetPetInventoryDataData.h">
            <Filter>Source Files\Packets\Server</Filter>
        </ClInclude>
    </ItemGroup>
    <ItemGroup>
        <ClInclude Include="./../GameData\src/GameData\Packets\Server\ExpUpData.h">
            <Filter>Source Files\Packets\Server</Filter>
        </ClInclude>
    </ItemGroup>
    <ItemGroup>
        <ClInclude Include="./../GameData\src/GameData\Packets\Server\PlayInstrumentData.h">
            <Filter>Source Files\Packets\Server</Filter>
        </ClInclude>
    </ItemGroup>
    <ItemGroup>
        <ClInclude Include="./../GameData\src/GameData\Packets\Server\LevelUpData.h">
            <Filter>Source Files\Packets\Server</Filter>
        </ClInclude>
    </ItemGroup>
    <ItemGroup>
        <ClInclude Include="./../GameData\src/GameData\Packets\Server\CharacterInfoData.h">
            <Filter>Source Files\Packets\Server</Filter>
        </ClInclude>
    </ItemGroup>
    <ItemGroup>
        <ClInclude Include="./../GameData\src/GameData\Packets\Server\JobData.h">
            <Filter>Source Files\Packets\Server</Filter>
        </ClInclude>
    </ItemGroup>
    <ItemGroup>
        <ClInclude Include="./../GameData\src/GameData\Packets\Client\ResponseKeyData.h">
            <Filter>Source Files\Packets\Client</Filter>
        </ClInclude>
    </ItemGroup>
    <ItemGroup>
        <ClInclude Include="./../GameData\src/GameData\Packets\Server\TradeData.h">
            <Filter>Source Files\Packets\Server</Filter>
        </ClInclude>
    </ItemGroup>
    <ItemGroup>
        <ClInclude Include="./../GameData\src/GameData\Packets\Server\FieldAddNpcData.h">
            <Filter>Source Files\Packets\Server</Filter>
        </ClInclude>
    </ItemGroup>
    <ItemGroup>
        <ClInclude Include="./../GameData\src/GameData\Packets\Server\FieldRemoveNpcData.h">
            <Filter>Source Files\Packets\Server</Filter>
        </ClInclude>
    </ItemGroup>
    <ItemGroup>
        <ClInclude Include="./../GameData\src/GameData\Packets\Server\FieldRemovePetData.h">
            <Filter>Source Files\Packets\Server</Filter>
        </ClInclude>
    </ItemGroup>
    <ItemGroup>
        <ClInclude Include="./../GameData\src/GameData\Packets\Client\NpcTalkClientData.h">
            <Filter>Source Files\Packets\Client</Filter>
        </ClInclude>
    </ItemGroup>
    <ItemGroup>
        <ClInclude Include="./../GameData\src/GameData\Packets\Client\RequestQuitData.h">
            <Filter>Source Files\Packets\Client</Filter>
        </ClInclude>
    </ItemGroup>
    <ItemGroup>
        <ClInclude Include="./../GameData\src/GameData\Packets\Server\TrophyData.h">
            <Filter>Source Files\Packets\Server</Filter>
        </ClInclude>
    </ItemGroup>
    <ItemGroup>
        <ClInclude Include="./../GameData\src/GameData\Packets\Server\EnchantScrollData.h">
            <Filter>Source Files\Packets\Server</Filter>
        </ClInclude>
    </ItemGroup>
    <ItemGroup>
        <ClInclude Include="./../GameData\src/GameData\Packets\Server\ChangeAttributesData.h">
            <Filter>Source Files\Packets\Server</Filter>
        </ClInclude>
    </ItemGroup>
    <ItemGroup>
        <ClInclude Include="./../GameData\src/GameData\Packets\Server\BindItemData.h">
            <Filter>Source Files\Packets\Server</Filter>
        </ClInclude>
    </ItemGroup>
    <ItemGroup>
        <ClInclude Include="./../GameData\src/GameData\Packets\Server\ChangeAttributesScrollData.h">
            <Filter>Source Files\Packets\Server</Filter>
        </ClInclude>
    </ItemGroup>
    <ItemGroup>
        <ClInclude Include="./../GameData\src/GameData\Packets\Server\PetInventoryData.h">
            <Filter>Source Files\Packets\Server</Filter>
        </ClInclude>
    </ItemGroup>
    <ItemGroup>
        <ClInclude Include="./../GameData\src/GameData\Packets\Server\ItemLockData.h">
            <Filter>Source Files\Packets\Server</Filter>
        </ClInclude>
    </ItemGroup>
    <ItemGroup>
        <ClInclude Include="./../GameData\src/GameData\Packets\Client\LogInData.h">
            <Filter>Source Files\Packets\Client</Filter>
        </ClInclude>
    </ItemGroup>
    <ItemGroup>
        <ClInclude Include="./../GameData\src/GameData\Packets\Client\ResponseVersionData.h">
            <Filter>Source Files\Packets\Client</Filter>
        </ClInclude>
    </ItemGroup>
    <ItemGroup>
        <ClInclude Include="./../GameData\src/GameData\Packets\Client\HandshakeData.h">
            <Filter>Source Files\Packets\Client</Filter>
        </ClInclude>
    </ItemGroup>
    <ItemGroup>
        <ClInclude Include="./../GameData\src/GameData\Packets\Client\ReconnectData.h">
            <Filter>Source Files\Packets\Client</Filter>
        </ClInclude>
    </ItemGroup>
    <ItemGroup>
        <ClInclude Include="./../GameData\src/GameData\Packets\Client\SkillData.h">
            <Filter>Source Files\Packets\Client</Filter>
        </ClInclude>
    </ItemGroup>
    <ItemGroup>
        <ClInclude Include="./../GameData\src/GameData\Enums\MapleCombat.h">
            <Filter>Source Files\Enums</Filter>
        </ClInclude>
    </ItemGroup>
    <ItemGroup>
        <ClInclude Include="./../GameData\src/GameData\Enums\MapleHandles.h">
            <Filter>Source Files\Enums</Filter>
        </ClInclude>
    </ItemGroup>
    <ItemGroup>
        <ClInclude Include="./../GameData\src/GameData\Enums\MapleItem.h">
            <Filter>Source Files\Enums</Filter>
        </ClInclude>
    </ItemGroup>
</Project>
