<?xml version="1.0" encoding="utf-8"?>
<Project ToolsVersion="4.0" xmlns="http://schemas.microsoft.com/developer/msbuild/2003">
    <ItemGroup>
        <Filter Include="Source Files">
            <UniqueIdentifier>{4FC737F1-C7A5-4376-A066-2A32D752A2FF}</UniqueIdentifier>
            <Extensions>cpp;c;cc;cxx;c++;cppm;ixx;def;odl;idl;hpj;bat;asm;asmx</Extensions>
        </Filter>
        <Filter Include="Header Files">
            <UniqueIdentifier>{93995380-89BD-4b04-88EB-625FBE52EBFB}</UniqueIdentifier>
            <Extensions>h;hh;hpp;hxx;h++;hm;inl;inc;ipp;xsd</Extensions>
        </Filter>
        <Filter Include="Resource Files">
            <UniqueIdentifier>{67DA6AB6-F800-4c08-8B7A-83BB121AAD01}</UniqueIdentifier>
            <Extensions>rc;ico;cur;bmp;dlg;rc2;rct;bin;rgs;gif;jpg;jpeg;jpe;resx;tiff;tif;png;wav;mfcribbon-ms</Extensions>
        </Filter>
        <Filter Include="Source Files\Collection">
            <UniqueIdentifier>{5d789279-9832-4f2c-a0ad-85cc110d5a17}</UniqueIdentifier>
        </Filter>
        <Filter Include="Source Files\Data">
            <UniqueIdentifier>{9ff62e04-615f-4e70-9449-f2091ce9dc7a}</UniqueIdentifier>
        </Filter>
    </ItemGroup>
    <ItemGroup>
        <ClInclude Include="./../GameData\src/GameData/Data\Item.h">
            <Filter>Source Files\Data</Filter>
        </ClInclude>
    </ItemGroup>
    <ItemGroup>
        <ClCompile Include="./../GameData\src/GameData/Data\Item.cpp">
            <Filter>Source Files\Data</Filter>
        </ClCompile>
    </ItemGroup>
    <ItemGroup>
        <ClInclude Include="./../GameData\src/GameData/Collection\Items.h">
            <Filter>Source Files\Collection</Filter>
        </ClInclude>
    </ItemGroup>
    <ItemGroup>
        <ClCompile Include="./../GameData\src/GameData/Collection\Items.cpp">
            <Filter>Source Files\Collection</Filter>
        </ClCompile>
    </ItemGroup>
</Project>
