<?xml version="1.0" encoding="utf-8"?>
<Project ToolsVersion="4.0" xmlns="http://schemas.microsoft.com/developer/msbuild/2003">
    <ItemGroup>
        <Filter Include="Source Files">
            <UniqueIdentifier>{4FC737F1-C7A5-4376-A066-2A32D752A2FF}</UniqueIdentifier>
            <Extensions>cpp;c;cc;cxx;c++;cppm;ixx;def;odl;idl;hpj;bat;asm;asmx</Extensions>
        </Filter>
        <Filter Include="Header Files">
            <UniqueIdentifier>{93995380-89BD-4b04-88EB-625FBE52EBFB}</UniqueIdentifier>
            <Extensions>h;hh;hpp;hxx;h++;hm;inl;inc;ipp;xsd</Extensions>
        </Filter>
        <Filter Include="Resource Files">
            <UniqueIdentifier>{67DA6AB6-F800-4c08-8B7A-83BB121AAD01}</UniqueIdentifier>
            <Extensions>rc;ico;cur;bmp;dlg;rc2;rct;bin;rgs;gif;jpg;jpeg;jpe;resx;tiff;tif;png;wav;mfcribbon-ms</Extensions>
        </Filter>
        <Filter Include="Source Files\Collection">
            <UniqueIdentifier>{5d789279-9832-4f2c-a0ad-85cc110d5a17}</UniqueIdentifier>
        </Filter>
        <Filter Include="Source Files\Data">
            <UniqueIdentifier>{9ff62e04-615f-4e70-9449-f2091ce9dc7a}</UniqueIdentifier>
        </Filter>
        <Filter Include="Source Files\Packets">
            <UniqueIdentifier>{31337e88-5da3-4960-9953-4ace913e6e8b}</UniqueIdentifier>
        </Filter>
        <Filter Include="Source Files\Enums">
            <UniqueIdentifier>{ab4cbd16-f8ec-4959-b6fe-49df2acd6f8f}</UniqueIdentifier>
        </Filter>
        <Filter Include="Source Files\Packets\Server">
            <UniqueIdentifier>{db44b9b3-ff8f-40fa-9ad5-86de01223465}</UniqueIdentifier>
        </Filter>
        <Filter Include="Source Files\Packets\Client">
            <UniqueIdentifier>{ede7145e-0f6a-4688-bc2a-24f17620cc03}</UniqueIdentifier>
        </Filter>
    </ItemGroup>
    <ItemGroup>
        <ClInclude Include="./../GameData\src/GameData\Enums\HitType.h">
            <Filter>Source Files\Enums</Filter>
        </ClInclude>
    </ItemGroup>
    <ItemGroup>
        <ClInclude Include="./../GameData\src/GameData\Enums\SkillId.h">
            <Filter>Source Files\Enums</Filter>
        </ClInclude>
    </ItemGroup>
    <ItemGroup>
        <ClInclude Include="./../GameData\src/GameData\Enums\SkillLevel.h">
            <Filter>Source Files\Enums</Filter>
        </ClInclude>
    </ItemGroup>
    <ItemGroup>
        <ClInclude Include="./../GameData\src/GameData\Enums\EffectId.h">
            <Filter>Source Files\Enums</Filter>
        </ClInclude>
    </ItemGroup>
    <ItemGroup>
        <ClInclude Include="./../GameData\src/GameData\Enums\EffectLevel.h">
            <Filter>Source Files\Enums</Filter>
        </ClInclude>
    </ItemGroup>
    <ItemGroup>
        <ClInclude Include="./../GameData\src/GameData\Enums\SkillSn.h">
            <Filter>Source Files\Enums</Filter>
        </ClInclude>
    </ItemGroup>
    <ItemGroup>
        <ClInclude Include="./../GameData\src/GameData\Enums\ActorId.h">
            <Filter>Source Files\Enums</Filter>
        </ClInclude>
    </ItemGroup>
    <ItemGroup>
        <ClInclude Include="./../GameData\src/GameData\Enums\NpcId.h">
            <Filter>Source Files\Enums</Filter>
        </ClInclude>
    </ItemGroup>
    <ItemGroup>
        <ClInclude Include="./../GameData\src/GameData\Enums\QuestId.h">
            <Filter>Source Files\Enums</Filter>
        </ClInclude>
    </ItemGroup>
    <ItemGroup>
        <ClInclude Include="./../GameData\src/GameData\Enums\TrophyId.h">
            <Filter>Source Files\Enums</Filter>
        </ClInclude>
    </ItemGroup>
    <ItemGroup>
        <ClInclude Include="./../GameData\src/GameData\Enums\ScriptId.h">
            <Filter>Source Files\Enums</Filter>
        </ClInclude>
    </ItemGroup>
    <ItemGroup>
        <ClInclude Include="./../GameData\src/GameData\Enums\ChannelId.h">
            <Filter>Source Files\Enums</Filter>
        </ClInclude>
    </ItemGroup>
    <ItemGroup>
        <ClInclude Include="./../GameData\src/GameData\Enums\SuperChatId.h">
            <Filter>Source Files\Enums</Filter>
        </ClInclude>
    </ItemGroup>
    <ItemGroup>
        <ClInclude Include="./../GameData\src/GameData\Enums\EffectInstanceId.h">
            <Filter>Source Files\Enums</Filter>
        </ClInclude>
    </ItemGroup>
    <ItemGroup>
        <ClInclude Include="./../GameData\src/GameData\Enums\CharacterId.h">
            <Filter>Source Files\Enums</Filter>
        </ClInclude>
    </ItemGroup>
    <ItemGroup>
        <ClInclude Include="./../GameData\src/GameData\Enums\AccountId.h">
            <Filter>Source Files\Enums</Filter>
        </ClInclude>
    </ItemGroup>
    <ItemGroup>
        <ClInclude Include="./../GameData\src/GameData\Enums\ItemInstanceId.h">
            <Filter>Source Files\Enums</Filter>
        </ClInclude>
    </ItemGroup>
    <ItemGroup>
        <ClInclude Include="./../GameData\src/GameData\Enums\ClubId.h">
            <Filter>Source Files\Enums</Filter>
        </ClInclude>
    </ItemGroup>
    <ItemGroup>
        <ClInclude Include="./../GameData\src/GameData\Enums\SkillAttackId.h">
            <Filter>Source Files\Enums</Filter>
        </ClInclude>
    </ItemGroup>
    <ItemGroup>
        <ClInclude Include="./../GameData\src/GameData\Packets\Server\UserChatPacket.h">
            <Filter>Source Files\Packets\Server</Filter>
        </ClInclude>
    </ItemGroup>
    <ItemGroup>
        <ClCompile Include="./../GameData\src/GameData\Packets\Server\UserChatPacket.cpp">
            <Filter>Source Files\Packets\Server</Filter>
        </ClCompile>
    </ItemGroup>
    <ItemGroup>
        <ClInclude Include="./../GameData\src/GameData\Packets\Server\SkillDamageSyncPacket.h">
            <Filter>Source Files\Packets\Server</Filter>
        </ClInclude>
    </ItemGroup>
    <ItemGroup>
        <ClCompile Include="./../GameData\src/GameData\Packets\Server\SkillDamageSyncPacket.cpp">
            <Filter>Source Files\Packets\Server</Filter>
        </ClCompile>
    </ItemGroup>
    <ItemGroup>
        <ClInclude Include="./../GameData\src/GameData\Packets\Server\SkillDamagePacket.h">
            <Filter>Source Files\Packets\Server</Filter>
        </ClInclude>
    </ItemGroup>
    <ItemGroup>
        <ClCompile Include="./../GameData\src/GameData\Packets\Server\SkillDamagePacket.cpp">
            <Filter>Source Files\Packets\Server</Filter>
        </ClCompile>
    </ItemGroup>
    <ItemGroup>
        <ClInclude Include="./../GameData\src/GameData\Packets\Server\SkillDamageDotPacket.h">
            <Filter>Source Files\Packets\Server</Filter>
        </ClInclude>
    </ItemGroup>
    <ItemGroup>
        <ClCompile Include="./../GameData\src/GameData\Packets\Server\SkillDamageDotPacket.cpp">
            <Filter>Source Files\Packets\Server</Filter>
        </ClCompile>
    </ItemGroup>
    <ItemGroup>
        <ClInclude Include="./../GameData\src/GameData\Packets\Server\SkillDamageHealPacket.h">
            <Filter>Source Files\Packets\Server</Filter>
        </ClInclude>
    </ItemGroup>
    <ItemGroup>
        <ClCompile Include="./../GameData\src/GameData\Packets\Server\SkillDamageHealPacket.cpp">
            <Filter>Source Files\Packets\Server</Filter>
        </ClCompile>
    </ItemGroup>
    <ItemGroup>
        <ClInclude Include="./../GameData\src/GameData\Packets\Server\SkillDamageRegionPacket.h">
            <Filter>Source Files\Packets\Server</Filter>
        </ClInclude>
    </ItemGroup>
    <ItemGroup>
        <ClCompile Include="./../GameData\src/GameData\Packets\Server\SkillDamageRegionPacket.cpp">
            <Filter>Source Files\Packets\Server</Filter>
        </ClCompile>
    </ItemGroup>
    <ItemGroup>
        <ClInclude Include="./../GameData\src/GameData\Packets\Server\SkillDamageTilePacket.h">
            <Filter>Source Files\Packets\Server</Filter>
        </ClInclude>
    </ItemGroup>
    <ItemGroup>
        <ClCompile Include="./../GameData\src/GameData\Packets\Server\SkillDamageTilePacket.cpp">
            <Filter>Source Files\Packets\Server</Filter>
        </ClCompile>
    </ItemGroup>
    <ItemGroup>
        <ClInclude Include="./../GameData\src/GameData\Packets\Server\BuffPacket.h">
            <Filter>Source Files\Packets\Server</Filter>
        </ClInclude>
    </ItemGroup>
    <ItemGroup>
        <ClCompile Include="./../GameData\src/GameData\Packets\Server\BuffPacket.cpp">
            <Filter>Source Files\Packets\Server</Filter>
        </ClCompile>
    </ItemGroup>
    <ItemGroup>
        <ClInclude Include="./../GameData\src/GameData\Packets\Server\TrophyStartPacket.h">
            <Filter>Source Files\Packets\Server</Filter>
        </ClInclude>
    </ItemGroup>
    <ItemGroup>
        <ClCompile Include="./../GameData\src/GameData\Packets\Server\TrophyStartPacket.cpp">
            <Filter>Source Files\Packets\Server</Filter>
        </ClCompile>
    </ItemGroup>
    <ItemGroup>
        <ClInclude Include="./../GameData\src/GameData\Packets\Server\TrophyContentPacket.h">
            <Filter>Source Files\Packets\Server</Filter>
        </ClInclude>
    </ItemGroup>
    <ItemGroup>
        <ClCompile Include="./../GameData\src/GameData\Packets\Server\TrophyContentPacket.cpp">
            <Filter>Source Files\Packets\Server</Filter>
        </ClCompile>
    </ItemGroup>
    <ItemGroup>
        <ClInclude Include="./../GameData\src/GameData\Packets\Server\TrophyUpdatePacket.h">
            <Filter>Source Files\Packets\Server</Filter>
        </ClInclude>
    </ItemGroup>
    <ItemGroup>
        <ClCompile Include="./../GameData\src/GameData\Packets\Server\TrophyUpdatePacket.cpp">
            <Filter>Source Files\Packets\Server</Filter>
        </ClCompile>
    </ItemGroup>
    <ItemGroup>
        <ClInclude Include="./../GameData\src/GameData\Packets\Client\ResponseVersionPacket.h">
            <Filter>Source Files\Packets\Client</Filter>
        </ClInclude>
    </ItemGroup>
    <ItemGroup>
        <ClCompile Include="./../GameData\src/GameData\Packets\Client\ResponseVersionPacket.cpp">
            <Filter>Source Files\Packets\Client</Filter>
        </ClCompile>
    </ItemGroup>
    <ItemGroup>
        <ClInclude Include="./../GameData\src/GameData\Packets\Client\HandshakePacket.h">
            <Filter>Source Files\Packets\Client</Filter>
        </ClInclude>
    </ItemGroup>
    <ItemGroup>
        <ClCompile Include="./../GameData\src/GameData\Packets\Client\HandshakePacket.cpp">
            <Filter>Source Files\Packets\Client</Filter>
        </ClCompile>
    </ItemGroup>
    <ItemGroup>
        <ClInclude Include="./../GameData\src/GameData\Packets\Client\LogInPacket.h">
            <Filter>Source Files\Packets\Client</Filter>
        </ClInclude>
    </ItemGroup>
    <ItemGroup>
        <ClCompile Include="./../GameData\src/GameData\Packets\Client\LogInPacket.cpp">
            <Filter>Source Files\Packets\Client</Filter>
        </ClCompile>
    </ItemGroup>
    <ItemGroup>
        <ClInclude Include="./../GameData\src/GameData\Packets\Client\LogInAuthTokenPacket.h">
            <Filter>Source Files\Packets\Client</Filter>
        </ClInclude>
    </ItemGroup>
    <ItemGroup>
        <ClCompile Include="./../GameData\src/GameData\Packets\Client\LogInAuthTokenPacket.cpp">
            <Filter>Source Files\Packets\Client</Filter>
        </ClCompile>
    </ItemGroup>
    <ItemGroup>
        <ClInclude Include="./../GameData\src/GameData\Packets\Client\ResponseKeyPacket.h">
            <Filter>Source Files\Packets\Client</Filter>
        </ClInclude>
    </ItemGroup>
    <ItemGroup>
        <ClCompile Include="./../GameData\src/GameData\Packets\Client\ResponseKeyPacket.cpp">
            <Filter>Source Files\Packets\Client</Filter>
        </ClCompile>
    </ItemGroup>
    <ItemGroup>
        <ClInclude Include="./../GameData\src/GameData\Packets\Client\ResponseHeartbeatPacket.h">
            <Filter>Source Files\Packets\Client</Filter>
        </ClInclude>
    </ItemGroup>
    <ItemGroup>
        <ClCompile Include="./../GameData\src/GameData\Packets\Client\ResponseHeartbeatPacket.cpp">
            <Filter>Source Files\Packets\Client</Filter>
        </ClCompile>
    </ItemGroup>
    <ItemGroup>
        <ClInclude Include="./../GameData\src/GameData\Packets\Client\RequestQuitPacket.h">
            <Filter>Source Files\Packets\Client</Filter>
        </ClInclude>
    </ItemGroup>
    <ItemGroup>
        <ClCompile Include="./../GameData\src/GameData\Packets\Client\RequestQuitPacket.cpp">
            <Filter>Source Files\Packets\Client</Filter>
        </ClCompile>
    </ItemGroup>
    <ItemGroup>
        <ClInclude Include="./../GameData\src/GameData\Packets\Client\SkillCastPacket.h">
            <Filter>Source Files\Packets\Client</Filter>
        </ClInclude>
    </ItemGroup>
    <ItemGroup>
        <ClCompile Include="./../GameData\src/GameData\Packets\Client\SkillCastPacket.cpp">
            <Filter>Source Files\Packets\Client</Filter>
        </ClCompile>
    </ItemGroup>
    <ItemGroup>
        <ClInclude Include="./../GameData\src/GameData\Packets\Client\SkillSyncDamagePacket.h">
            <Filter>Source Files\Packets\Client</Filter>
        </ClInclude>
    </ItemGroup>
    <ItemGroup>
        <ClCompile Include="./../GameData\src/GameData\Packets\Client\SkillSyncDamagePacket.cpp">
            <Filter>Source Files\Packets\Client</Filter>
        </ClCompile>
    </ItemGroup>
    <ItemGroup>
        <ClInclude Include="./../GameData\src/GameData\Packets\Client\SkillDamagePacket.h">
            <Filter>Source Files\Packets\Client</Filter>
        </ClInclude>
    </ItemGroup>
    <ItemGroup>
        <ClCompile Include="./../GameData\src/GameData\Packets\Client\SkillDamagePacket.cpp">
            <Filter>Source Files\Packets\Client</Filter>
        </ClCompile>
    </ItemGroup>
    <ItemGroup>
        <ClInclude Include="./../GameData\src/GameData\Packets\Client\SkillRegionSkillPacket.h">
            <Filter>Source Files\Packets\Client</Filter>
        </ClInclude>
    </ItemGroup>
    <ItemGroup>
        <ClCompile Include="./../GameData\src/GameData\Packets\Client\SkillRegionSkillPacket.cpp">
            <Filter>Source Files\Packets\Client</Filter>
        </ClCompile>
    </ItemGroup>
    <ItemGroup>
        <ClInclude Include="./../GameData\src/GameData\Packets\Client\SkillSyncPacket.h">
            <Filter>Source Files\Packets\Client</Filter>
        </ClInclude>
    </ItemGroup>
    <ItemGroup>
        <ClCompile Include="./../GameData\src/GameData\Packets\Client\SkillSyncPacket.cpp">
            <Filter>Source Files\Packets\Client</Filter>
        </ClCompile>
    </ItemGroup>
    <ItemGroup>
        <ClInclude Include="./../GameData\src/GameData\Packets\Client\SkillSyncTickPacket.h">
            <Filter>Source Files\Packets\Client</Filter>
        </ClInclude>
    </ItemGroup>
    <ItemGroup>
        <ClCompile Include="./../GameData\src/GameData\Packets\Client\SkillSyncTickPacket.cpp">
            <Filter>Source Files\Packets\Client</Filter>
        </ClCompile>
    </ItemGroup>
    <ItemGroup>
        <ClInclude Include="./../GameData\src/GameData\Packets\Client\SkillCancelPacket.h">
            <Filter>Source Files\Packets\Client</Filter>
        </ClInclude>
    </ItemGroup>
    <ItemGroup>
        <ClCompile Include="./../GameData\src/GameData\Packets\Client\SkillCancelPacket.cpp">
            <Filter>Source Files\Packets\Client</Filter>
        </ClCompile>
    </ItemGroup>
    <ItemGroup>
        <ClInclude Include="./../GameData\src/GameData\Packets\Client\StateSkillPacket.h">
            <Filter>Source Files\Packets\Client</Filter>
        </ClInclude>
    </ItemGroup>
    <ItemGroup>
        <ClCompile Include="./../GameData\src/GameData\Packets\Client\StateSkillPacket.cpp">
            <Filter>Source Files\Packets\Client</Filter>
        </ClCompile>
    </ItemGroup>
    <ItemGroup>
        <ClInclude Include="./../GameData\src/GameData\Packets\Client\NpcTalkClosePacket.h">
            <Filter>Source Files\Packets\Client</Filter>
        </ClInclude>
    </ItemGroup>
    <ItemGroup>
        <ClCompile Include="./../GameData\src/GameData\Packets\Client\NpcTalkClosePacket.cpp">
            <Filter>Source Files\Packets\Client</Filter>
        </ClCompile>
    </ItemGroup>
    <ItemGroup>
        <ClInclude Include="./../GameData\src/GameData\Packets\Client\NpcTalkBeginPacket.h">
            <Filter>Source Files\Packets\Client</Filter>
        </ClInclude>
    </ItemGroup>
    <ItemGroup>
        <ClCompile Include="./../GameData\src/GameData\Packets\Client\NpcTalkBeginPacket.cpp">
            <Filter>Source Files\Packets\Client</Filter>
        </ClCompile>
    </ItemGroup>
    <ItemGroup>
        <ClInclude Include="./../GameData\src/GameData\Packets\Client\NpcTalkContinuePacket.h">
            <Filter>Source Files\Packets\Client</Filter>
        </ClInclude>
    </ItemGroup>
    <ItemGroup>
        <ClCompile Include="./../GameData\src/GameData\Packets\Client\NpcTalkContinuePacket.cpp">
            <Filter>Source Files\Packets\Client</Filter>
        </ClCompile>
    </ItemGroup>
    <ItemGroup>
        <ClInclude Include="./../GameData\src/GameData\Packets\Client\NpcTalkEnchantUnknownPacket.h">
            <Filter>Source Files\Packets\Client</Filter>
        </ClInclude>
    </ItemGroup>
    <ItemGroup>
        <ClCompile Include="./../GameData\src/GameData\Packets\Client\NpcTalkEnchantUnknownPacket.cpp">
            <Filter>Source Files\Packets\Client</Filter>
        </ClCompile>
    </ItemGroup>
    <ItemGroup>
        <ClInclude Include="./../GameData\src/GameData\Packets\Client\NpcTalkEnchantPacket.h">
            <Filter>Source Files\Packets\Client</Filter>
        </ClInclude>
    </ItemGroup>
    <ItemGroup>
        <ClCompile Include="./../GameData\src/GameData\Packets\Client\NpcTalkEnchantPacket.cpp">
            <Filter>Source Files\Packets\Client</Filter>
        </ClCompile>
    </ItemGroup>
    <ItemGroup>
        <ClInclude Include="./../GameData\src/GameData\Packets\Client\NpcTalkNextQuestPacket.h">
            <Filter>Source Files\Packets\Client</Filter>
        </ClInclude>
    </ItemGroup>
    <ItemGroup>
        <ClCompile Include="./../GameData\src/GameData\Packets\Client\NpcTalkNextQuestPacket.cpp">
            <Filter>Source Files\Packets\Client</Filter>
        </ClCompile>
    </ItemGroup>
    <ItemGroup>
        <ClInclude Include="./../GameData\src/GameData\Packets\Client\NpcTalkAllianceQuestAcceptPacket.h">
            <Filter>Source Files\Packets\Client</Filter>
        </ClInclude>
    </ItemGroup>
    <ItemGroup>
        <ClCompile Include="./../GameData\src/GameData\Packets\Client\NpcTalkAllianceQuestAcceptPacket.cpp">
            <Filter>Source Files\Packets\Client</Filter>
        </ClCompile>
    </ItemGroup>
    <ItemGroup>
        <ClInclude Include="./../GameData\src/GameData\Packets\Client\NpcTalkAllianceQuestTalkPacket.h">
            <Filter>Source Files\Packets\Client</Filter>
        </ClInclude>
    </ItemGroup>
    <ItemGroup>
        <ClCompile Include="./../GameData\src/GameData\Packets\Client\NpcTalkAllianceQuestTalkPacket.cpp">
            <Filter>Source Files\Packets\Client</Filter>
        </ClCompile>
    </ItemGroup>
    <ItemGroup>
        <ClInclude Include="./../GameData\src/GameData\Packets\Client\NpcTalkCinematicPacket.h">
            <Filter>Source Files\Packets\Client</Filter>
        </ClInclude>
    </ItemGroup>
    <ItemGroup>
        <ClCompile Include="./../GameData\src/GameData\Packets\Client\NpcTalkCinematicPacket.cpp">
            <Filter>Source Files\Packets\Client</Filter>
        </ClCompile>
    </ItemGroup>
    <ItemGroup>
        <ClInclude Include="./../GameData\src/GameData\Packets\Client\SystemInfoPacket.h">
            <Filter>Source Files\Packets\Client</Filter>
        </ClInclude>
    </ItemGroup>
    <ItemGroup>
        <ClCompile Include="./../GameData\src/GameData\Packets\Client\SystemInfoPacket.cpp">
            <Filter>Source Files\Packets\Client</Filter>
        </ClCompile>
    </ItemGroup>
</Project>
