<?xml version="1.0" encoding="utf-8"?>
<Project ToolsVersion="4.0" xmlns="http://schemas.microsoft.com/developer/msbuild/2003">
  <ItemGroup>
    <Filter Include="Source Files">
      <UniqueIdentifier>{4FC737F1-C7A5-4376-A066-2A32D752A2FF}</UniqueIdentifier>
      <Extensions>cpp;c;cc;cxx;c++;cppm;ixx;def;odl;idl;hpj;bat;asm;asmx</Extensions>
    </Filter>
    <Filter Include="Header Files">
      <UniqueIdentifier>{93995380-89BD-4b04-88EB-625FBE52EBFB}</UniqueIdentifier>
      <Extensions>h;hh;hpp;hxx;h++;hm;inl;inc;ipp;xsd</Extensions>
    </Filter>
    <Filter Include="Resource Files">
      <UniqueIdentifier>{67DA6AB6-F800-4c08-8B7A-83BB121AAD01}</UniqueIdentifier>
      <Extensions>rc;ico;cur;bmp;dlg;rc2;rct;bin;rgs;gif;jpg;jpeg;jpe;resx;tiff;tif;png;wav;mfcribbon-ms</Extensions>
    </Filter>
  </ItemGroup>
  <ItemGroup>
    <ClInclude Include="src\CryptoPP\3way.h">
      <Filter>Source Files</Filter>
    </ClInclude>
    <ClInclude Include="src\CryptoPP\adler32.h">
      <Filter>Source Files</Filter>
    </ClInclude>
    <ClInclude Include="src\CryptoPP\adv_simd.h">
      <Filter>Source Files</Filter>
    </ClInclude>
    <ClInclude Include="src\CryptoPP\aes.h">
      <Filter>Source Files</Filter>
    </ClInclude>
    <ClInclude Include="src\CryptoPP\aes_armv4.h">
      <Filter>Source Files</Filter>
    </ClInclude>
    <ClInclude Include="src\CryptoPP\algebra.h">
      <Filter>Source Files</Filter>
    </ClInclude>
    <ClInclude Include="src\CryptoPP\algparam.h">
      <Filter>Source Files</Filter>
    </ClInclude>
    <ClInclude Include="src\CryptoPP\allocate.h">
      <Filter>Source Files</Filter>
    </ClInclude>
    <ClInclude Include="src\CryptoPP\arc4.h">
      <Filter>Source Files</Filter>
    </ClInclude>
    <ClInclude Include="src\CryptoPP\argnames.h">
      <Filter>Source Files</Filter>
    </ClInclude>
    <ClInclude Include="src\CryptoPP\aria.h">
      <Filter>Source Files</Filter>
    </ClInclude>
    <ClInclude Include="src\CryptoPP\arm_simd.h">
      <Filter>Source Files</Filter>
    </ClInclude>
    <ClInclude Include="src\CryptoPP\asn.h">
      <Filter>Source Files</Filter>
    </ClInclude>
    <ClInclude Include="src\CryptoPP\authenc.h">
      <Filter>Source Files</Filter>
    </ClInclude>
    <ClInclude Include="src\CryptoPP\base32.h">
      <Filter>Source Files</Filter>
    </ClInclude>
    <ClInclude Include="src\CryptoPP\base64.h">
      <Filter>Source Files</Filter>
    </ClInclude>
    <ClInclude Include="src\CryptoPP\basecode.h">
      <Filter>Source Files</Filter>
    </ClInclude>
    <ClInclude Include="src\CryptoPP\bench.h">
      <Filter>Source Files</Filter>
    </ClInclude>
    <ClInclude Include="src\CryptoPP\blake2.h">
      <Filter>Source Files</Filter>
    </ClInclude>
    <ClInclude Include="src\CryptoPP\blowfish.h">
      <Filter>Source Files</Filter>
    </ClInclude>
    <ClInclude Include="src\CryptoPP\blumshub.h">
      <Filter>Source Files</Filter>
    </ClInclude>
    <ClInclude Include="src\CryptoPP\camellia.h">
      <Filter>Source Files</Filter>
    </ClInclude>
    <ClInclude Include="src\CryptoPP\cast.h">
      <Filter>Source Files</Filter>
    </ClInclude>
    <ClInclude Include="src\CryptoPP\cbcmac.h">
      <Filter>Source Files</Filter>
    </ClInclude>
    <ClInclude Include="src\CryptoPP\ccm.h">
      <Filter>Source Files</Filter>
    </ClInclude>
    <ClInclude Include="src\CryptoPP\chacha.h">
      <Filter>Source Files</Filter>
    </ClInclude>
    <ClInclude Include="src\CryptoPP\chachapoly.h">
      <Filter>Source Files</Filter>
    </ClInclude>
    <ClInclude Include="src\CryptoPP\cham.h">
      <Filter>Source Files</Filter>
    </ClInclude>
    <ClInclude Include="src\CryptoPP\channels.h">
      <Filter>Source Files</Filter>
    </ClInclude>
    <ClInclude Include="src\CryptoPP\cmac.h">
      <Filter>Source Files</Filter>
    </ClInclude>
    <ClInclude Include="src\CryptoPP\config.h">
      <Filter>Source Files</Filter>
    </ClInclude>
    <ClInclude Include="src\CryptoPP\config_align.h">
      <Filter>Source Files</Filter>
    </ClInclude>
    <ClInclude Include="src\CryptoPP\config_asm.h">
      <Filter>Source Files</Filter>
    </ClInclude>
    <ClInclude Include="src\CryptoPP\config_cpu.h">
      <Filter>Source Files</Filter>
    </ClInclude>
    <ClInclude Include="src\CryptoPP\config_cxx.h">
      <Filter>Source Files</Filter>
    </ClInclude>
    <ClInclude Include="src\CryptoPP\config_dll.h">
      <Filter>Source Files</Filter>
    </ClInclude>
    <ClInclude Include="src\CryptoPP\config_int.h">
      <Filter>Source Files</Filter>
    </ClInclude>
    <ClInclude Include="src\CryptoPP\config_misc.h">
      <Filter>Source Files</Filter>
    </ClInclude>
    <ClInclude Include="src\CryptoPP\config_ns.h">
      <Filter>Source Files</Filter>
    </ClInclude>
    <ClInclude Include="src\CryptoPP\config_os.h">
      <Filter>Source Files</Filter>
    </ClInclude>
    <ClInclude Include="src\CryptoPP\config_ver.h">
      <Filter>Source Files</Filter>
    </ClInclude>
    <ClInclude Include="src\CryptoPP\cpu.h">
      <Filter>Source Files</Filter>
    </ClInclude>
    <ClInclude Include="src\CryptoPP\crc.h">
      <Filter>Source Files</Filter>
    </ClInclude>
    <ClInclude Include="src\CryptoPP\cryptlib.h">
      <Filter>Source Files</Filter>
    </ClInclude>
    <ClInclude Include="src\CryptoPP\darn.h">
      <Filter>Source Files</Filter>
    </ClInclude>
    <ClInclude Include="src\CryptoPP\default.h">
      <Filter>Source Files</Filter>
    </ClInclude>
    <ClInclude Include="src\CryptoPP\des.h">
      <Filter>Source Files</Filter>
    </ClInclude>
    <ClInclude Include="src\CryptoPP\dh.h">
      <Filter>Source Files</Filter>
    </ClInclude>
    <ClInclude Include="src\CryptoPP\dh2.h">
      <Filter>Source Files</Filter>
    </ClInclude>
    <ClInclude Include="src\CryptoPP\dll.h">
      <Filter>Source Files</Filter>
    </ClInclude>
    <ClInclude Include="src\CryptoPP\dmac.h">
      <Filter>Source Files</Filter>
    </ClInclude>
    <ClInclude Include="src\CryptoPP\donna.h">
      <Filter>Source Files</Filter>
    </ClInclude>
    <ClInclude Include="src\CryptoPP\donna_32.h">
      <Filter>Source Files</Filter>
    </ClInclude>
    <ClInclude Include="src\CryptoPP\donna_64.h">
      <Filter>Source Files</Filter>
    </ClInclude>
    <ClInclude Include="src\CryptoPP\donna_sse.h">
      <Filter>Source Files</Filter>
    </ClInclude>
    <ClInclude Include="src\CryptoPP\drbg.h">
      <Filter>Source Files</Filter>
    </ClInclude>
    <ClInclude Include="src\CryptoPP\dsa.h">
      <Filter>Source Files</Filter>
    </ClInclude>
    <ClInclude Include="src\CryptoPP\eax.h">
      <Filter>Source Files</Filter>
    </ClInclude>
    <ClInclude Include="src\CryptoPP\ec2n.h">
      <Filter>Source Files</Filter>
    </ClInclude>
    <ClInclude Include="src\CryptoPP\eccrypto.h">
      <Filter>Source Files</Filter>
    </ClInclude>
    <ClInclude Include="src\CryptoPP\ecp.h">
      <Filter>Source Files</Filter>
    </ClInclude>
    <ClInclude Include="src\CryptoPP\ecpoint.h">
      <Filter>Source Files</Filter>
    </ClInclude>
    <ClInclude Include="src\CryptoPP\elgamal.h">
      <Filter>Source Files</Filter>
    </ClInclude>
    <ClInclude Include="src\CryptoPP\emsa2.h">
      <Filter>Source Files</Filter>
    </ClInclude>
    <ClInclude Include="src\CryptoPP\eprecomp.h">
      <Filter>Source Files</Filter>
    </ClInclude>
    <ClInclude Include="src\CryptoPP\esign.h">
      <Filter>Source Files</Filter>
    </ClInclude>
    <ClInclude Include="src\CryptoPP\factory.h">
      <Filter>Source Files</Filter>
    </ClInclude>
    <ClInclude Include="src\CryptoPP\fhmqv.h">
      <Filter>Source Files</Filter>
    </ClInclude>
    <ClInclude Include="src\CryptoPP\files.h">
      <Filter>Source Files</Filter>
    </ClInclude>
    <ClInclude Include="src\CryptoPP\filters.h">
      <Filter>Source Files</Filter>
    </ClInclude>
    <ClInclude Include="src\CryptoPP\fips140.h">
      <Filter>Source Files</Filter>
    </ClInclude>
    <ClInclude Include="src\CryptoPP\fltrimpl.h">
      <Filter>Source Files</Filter>
    </ClInclude>
    <ClInclude Include="src\CryptoPP\gcm.h">
      <Filter>Source Files</Filter>
    </ClInclude>
    <ClInclude Include="src\CryptoPP\gf2_32.h">
      <Filter>Source Files</Filter>
    </ClInclude>
    <ClInclude Include="src\CryptoPP\gf2n.h">
      <Filter>Source Files</Filter>
    </ClInclude>
    <ClInclude Include="src\CryptoPP\gf256.h">
      <Filter>Source Files</Filter>
    </ClInclude>
    <ClInclude Include="src\CryptoPP\gfpcrypt.h">
      <Filter>Source Files</Filter>
    </ClInclude>
    <ClInclude Include="src\CryptoPP\gost.h">
      <Filter>Source Files</Filter>
    </ClInclude>
    <ClInclude Include="src\CryptoPP\gzip.h">
      <Filter>Source Files</Filter>
    </ClInclude>
    <ClInclude Include="src\CryptoPP\hashfwd.h">
      <Filter>Source Files</Filter>
    </ClInclude>
    <ClInclude Include="src\CryptoPP\hc128.h">
      <Filter>Source Files</Filter>
    </ClInclude>
    <ClInclude Include="src\CryptoPP\hc256.h">
      <Filter>Source Files</Filter>
    </ClInclude>
    <ClInclude Include="src\CryptoPP\hex.h">
      <Filter>Source Files</Filter>
    </ClInclude>
    <ClInclude Include="src\CryptoPP\hight.h">
      <Filter>Source Files</Filter>
    </ClInclude>
    <ClInclude Include="src\CryptoPP\hkdf.h">
      <Filter>Source Files</Filter>
    </ClInclude>
    <ClInclude Include="src\CryptoPP\hmac.h">
      <Filter>Source Files</Filter>
    </ClInclude>
    <ClInclude Include="src\CryptoPP\hmqv.h">
      <Filter>Source Files</Filter>
    </ClInclude>
    <ClInclude Include="src\CryptoPP\hrtimer.h">
      <Filter>Source Files</Filter>
    </ClInclude>
    <ClInclude Include="src\CryptoPP\ida.h">
      <Filter>Source Files</Filter>
    </ClInclude>
    <ClInclude Include="src\CryptoPP\idea.h">
      <Filter>Source Files</Filter>
    </ClInclude>
    <ClInclude Include="src\CryptoPP\integer.h">
      <Filter>Source Files</Filter>
    </ClInclude>
    <ClInclude Include="src\CryptoPP\iterhash.h">
      <Filter>Source Files</Filter>
    </ClInclude>
    <ClInclude Include="src\CryptoPP\kalyna.h">
      <Filter>Source Files</Filter>
    </ClInclude>
    <ClInclude Include="src\CryptoPP\keccak.h">
      <Filter>Source Files</Filter>
    </ClInclude>
    <ClInclude Include="src\CryptoPP\lea.h">
      <Filter>Source Files</Filter>
    </ClInclude>
    <ClInclude Include="src\CryptoPP\lsh.h">
      <Filter>Source Files</Filter>
    </ClInclude>
    <ClInclude Include="src\CryptoPP\lubyrack.h">
      <Filter>Source Files</Filter>
    </ClInclude>
    <ClInclude Include="src\CryptoPP\luc.h">
      <Filter>Source Files</Filter>
    </ClInclude>
    <ClInclude Include="src\CryptoPP\mars.h">
      <Filter>Source Files</Filter>
    </ClInclude>
    <ClInclude Include="src\CryptoPP\md2.h">
      <Filter>Source Files</Filter>
    </ClInclude>
    <ClInclude Include="src\CryptoPP\md4.h">
      <Filter>Source Files</Filter>
    </ClInclude>
    <ClInclude Include="src\CryptoPP\md5.h">
      <Filter>Source Files</Filter>
    </ClInclude>
    <ClInclude Include="src\CryptoPP\mdc.h">
      <Filter>Source Files</Filter>
    </ClInclude>
    <ClInclude Include="src\CryptoPP\mersenne.h">
      <Filter>Source Files</Filter>
    </ClInclude>
    <ClInclude Include="src\CryptoPP\misc.h">
      <Filter>Source Files</Filter>
    </ClInclude>
    <ClInclude Include="src\CryptoPP\modarith.h">
      <Filter>Source Files</Filter>
    </ClInclude>
    <ClInclude Include="src\CryptoPP\modes.h">
      <Filter>Source Files</Filter>
    </ClInclude>
    <ClInclude Include="src\CryptoPP\modexppc.h">
      <Filter>Source Files</Filter>
    </ClInclude>
    <ClInclude Include="src\CryptoPP\mqueue.h">
      <Filter>Source Files</Filter>
    </ClInclude>
    <ClInclude Include="src\CryptoPP\mqv.h">
      <Filter>Source Files</Filter>
    </ClInclude>
    <ClInclude Include="src\CryptoPP\naclite.h">
      <Filter>Source Files</Filter>
    </ClInclude>
    <ClInclude Include="src\CryptoPP\nbtheory.h">
      <Filter>Source Files</Filter>
    </ClInclude>
    <ClInclude Include="src\CryptoPP\nr.h">
      <Filter>Source Files</Filter>
    </ClInclude>
    <ClInclude Include="src\CryptoPP\oaep.h">
      <Filter>Source Files</Filter>
    </ClInclude>
    <ClInclude Include="src\CryptoPP\oids.h">
      <Filter>Source Files</Filter>
    </ClInclude>
    <ClInclude Include="src\CryptoPP\osrng.h">
      <Filter>Source Files</Filter>
    </ClInclude>
    <ClInclude Include="src\CryptoPP\ossig.h">
      <Filter>Source Files</Filter>
    </ClInclude>
    <ClInclude Include="src\CryptoPP\padlkrng.h">
      <Filter>Source Files</Filter>
    </ClInclude>
    <ClInclude Include="src\CryptoPP\panama.h">
      <Filter>Source Files</Filter>
    </ClInclude>
    <ClInclude Include="src\CryptoPP\pch.h">
      <Filter>Source Files</Filter>
    </ClInclude>
    <ClInclude Include="src\CryptoPP\pkcspad.h">
      <Filter>Source Files</Filter>
    </ClInclude>
    <ClInclude Include="src\CryptoPP\poly1305.h">
      <Filter>Source Files</Filter>
    </ClInclude>
    <ClInclude Include="src\CryptoPP\polynomi.h">
      <Filter>Source Files</Filter>
    </ClInclude>
    <ClInclude Include="src\CryptoPP\ppc_simd.h">
      <Filter>Source Files</Filter>
    </ClInclude>
    <ClInclude Include="src\CryptoPP\pssr.h">
      <Filter>Source Files</Filter>
    </ClInclude>
    <ClInclude Include="src\CryptoPP\pubkey.h">
      <Filter>Source Files</Filter>
    </ClInclude>
    <ClInclude Include="src\CryptoPP\pwdbased.h">
      <Filter>Source Files</Filter>
    </ClInclude>
    <ClInclude Include="src\CryptoPP\queue.h">
      <Filter>Source Files</Filter>
    </ClInclude>
    <ClInclude Include="src\CryptoPP\rabbit.h">
      <Filter>Source Files</Filter>
    </ClInclude>
    <ClInclude Include="src\CryptoPP\rabin.h">
      <Filter>Source Files</Filter>
    </ClInclude>
    <ClInclude Include="src\CryptoPP\randpool.h">
      <Filter>Source Files</Filter>
    </ClInclude>
    <ClInclude Include="src\CryptoPP\rc2.h">
      <Filter>Source Files</Filter>
    </ClInclude>
    <ClInclude Include="src\CryptoPP\rc5.h">
      <Filter>Source Files</Filter>
    </ClInclude>
    <ClInclude Include="src\CryptoPP\rc6.h">
      <Filter>Source Files</Filter>
    </ClInclude>
    <ClInclude Include="src\CryptoPP\rdrand.h">
      <Filter>Source Files</Filter>
    </ClInclude>
    <ClInclude Include="src\CryptoPP\resource.h">
      <Filter>Source Files</Filter>
    </ClInclude>
    <ClInclude Include="src\CryptoPP\rijndael.h">
      <Filter>Source Files</Filter>
    </ClInclude>
    <ClInclude Include="src\CryptoPP\ripemd.h">
      <Filter>Source Files</Filter>
    </ClInclude>
    <ClInclude Include="src\CryptoPP\rng.h">
      <Filter>Source Files</Filter>
    </ClInclude>
    <ClInclude Include="src\CryptoPP\rsa.h">
      <Filter>Source Files</Filter>
    </ClInclude>
    <ClInclude Include="src\CryptoPP\rw.h">
      <Filter>Source Files</Filter>
    </ClInclude>
    <ClInclude Include="src\CryptoPP\safer.h">
      <Filter>Source Files</Filter>
    </ClInclude>
    <ClInclude Include="src\CryptoPP\salsa.h">
      <Filter>Source Files</Filter>
    </ClInclude>
    <ClInclude Include="src\CryptoPP\scrypt.h">
      <Filter>Source Files</Filter>
    </ClInclude>
    <ClInclude Include="src\CryptoPP\seal.h">
      <Filter>Source Files</Filter>
    </ClInclude>
    <ClInclude Include="src\CryptoPP\secblock.h">
      <Filter>Source Files</Filter>
    </ClInclude>
    <ClInclude Include="src\CryptoPP\secblockfwd.h">
      <Filter>Source Files</Filter>
    </ClInclude>
    <ClInclude Include="src\CryptoPP\seckey.h">
      <Filter>Source Files</Filter>
    </ClInclude>
    <ClInclude Include="src\CryptoPP\seed.h">
      <Filter>Source Files</Filter>
    </ClInclude>
    <ClInclude Include="src\CryptoPP\serpent.h">
      <Filter>Source Files</Filter>
    </ClInclude>
    <ClInclude Include="src\CryptoPP\serpentp.h">
      <Filter>Source Files</Filter>
    </ClInclude>
    <ClInclude Include="src\CryptoPP\sha.h">
      <Filter>Source Files</Filter>
    </ClInclude>
    <ClInclude Include="src\CryptoPP\sha1_armv4.h">
      <Filter>Source Files</Filter>
    </ClInclude>
    <ClInclude Include="src\CryptoPP\sha3.h">
      <Filter>Source Files</Filter>
    </ClInclude>
    <ClInclude Include="src\CryptoPP\sha256_armv4.h">
      <Filter>Source Files</Filter>
    </ClInclude>
    <ClInclude Include="src\CryptoPP\sha512_armv4.h">
      <Filter>Source Files</Filter>
    </ClInclude>
    <ClInclude Include="src\CryptoPP\shacal2.h">
      <Filter>Source Files</Filter>
    </ClInclude>
    <ClInclude Include="src\CryptoPP\shake.h">
      <Filter>Source Files</Filter>
    </ClInclude>
    <ClInclude Include="src\CryptoPP\shark.h">
      <Filter>Source Files</Filter>
    </ClInclude>
    <ClInclude Include="src\CryptoPP\simeck.h">
      <Filter>Source Files</Filter>
    </ClInclude>
    <ClInclude Include="src\CryptoPP\simon.h">
      <Filter>Source Files</Filter>
    </ClInclude>
    <ClInclude Include="src\CryptoPP\simple.h">
      <Filter>Source Files</Filter>
    </ClInclude>
    <ClInclude Include="src\CryptoPP\siphash.h">
      <Filter>Source Files</Filter>
    </ClInclude>
    <ClInclude Include="src\CryptoPP\skipjack.h">
      <Filter>Source Files</Filter>
    </ClInclude>
    <ClInclude Include="src\CryptoPP\sm3.h">
      <Filter>Source Files</Filter>
    </ClInclude>
    <ClInclude Include="src\CryptoPP\sm4.h">
      <Filter>Source Files</Filter>
    </ClInclude>
    <ClInclude Include="src\CryptoPP\smartptr.h">
      <Filter>Source Files</Filter>
    </ClInclude>
    <ClInclude Include="src\CryptoPP\sosemanuk.h">
      <Filter>Source Files</Filter>
    </ClInclude>
    <ClInclude Include="src\CryptoPP\speck.h">
      <Filter>Source Files</Filter>
    </ClInclude>
    <ClInclude Include="src\CryptoPP\square.h">
      <Filter>Source Files</Filter>
    </ClInclude>
    <ClInclude Include="src\CryptoPP\stdcpp.h">
      <Filter>Source Files</Filter>
    </ClInclude>
    <ClInclude Include="src\CryptoPP\strciphr.h">
      <Filter>Source Files</Filter>
    </ClInclude>
    <ClInclude Include="src\CryptoPP\tea.h">
      <Filter>Source Files</Filter>
    </ClInclude>
    <ClInclude Include="src\CryptoPP\threefish.h">
      <Filter>Source Files</Filter>
    </ClInclude>
    <ClInclude Include="src\CryptoPP\tiger.h">
      <Filter>Source Files</Filter>
    </ClInclude>
    <ClInclude Include="src\CryptoPP\trap.h">
      <Filter>Source Files</Filter>
    </ClInclude>
    <ClInclude Include="src\CryptoPP\trunhash.h">
      <Filter>Source Files</Filter>
    </ClInclude>
    <ClInclude Include="src\CryptoPP\ttmac.h">
      <Filter>Source Files</Filter>
    </ClInclude>
    <ClInclude Include="src\CryptoPP\tweetnacl.h">
      <Filter>Source Files</Filter>
    </ClInclude>
    <ClInclude Include="src\CryptoPP\twofish.h">
      <Filter>Source Files</Filter>
    </ClInclude>
    <ClInclude Include="src\CryptoPP\validate.h">
      <Filter>Source Files</Filter>
    </ClInclude>
    <ClInclude Include="src\CryptoPP\vmac.h">
      <Filter>Source Files</Filter>
    </ClInclude>
    <ClInclude Include="src\CryptoPP\wake.h">
      <Filter>Source Files</Filter>
    </ClInclude>
    <ClInclude Include="src\CryptoPP\whrlpool.h">
      <Filter>Source Files</Filter>
    </ClInclude>
    <ClInclude Include="src\CryptoPP\words.h">
      <Filter>Source Files</Filter>
    </ClInclude>
    <ClInclude Include="src\CryptoPP\xed25519.h">
      <Filter>Source Files</Filter>
    </ClInclude>
    <ClInclude Include="src\CryptoPP\xtr.h">
      <Filter>Source Files</Filter>
    </ClInclude>
    <ClInclude Include="src\CryptoPP\xtrcrypt.h">
      <Filter>Source Files</Filter>
    </ClInclude>
    <ClInclude Include="src\CryptoPP\xts.h">
      <Filter>Source Files</Filter>
    </ClInclude>
    <ClInclude Include="src\CryptoPP\zdeflate.h">
      <Filter>Source Files</Filter>
    </ClInclude>
    <ClInclude Include="src\CryptoPP\zinflate.h">
      <Filter>Source Files</Filter>
    </ClInclude>
    <ClInclude Include="src\CryptoPP\zlib.h">
      <Filter>Source Files</Filter>
    </ClInclude>
  </ItemGroup>
  <ItemGroup>
    <ClCompile Include="src\CryptoPP\cryptoppmain.cpp">
      <Filter>Source Files</Filter>
    </ClCompile>
  </ItemGroup>
</Project>