<?xml version="1.0" encoding="utf-8"?>
<Project ToolsVersion="4.0" xmlns="http://schemas.microsoft.com/developer/msbuild/2003">
    <ItemGroup>
        <Filter Include="Source Files">
            <UniqueIdentifier>{4FC737F1-C7A5-4376-A066-2A32D752A2FF}</UniqueIdentifier>
            <Extensions>cpp;c;cc;cxx;c++;cppm;ixx;def;odl;idl;hpj;bat;asm;asmx</Extensions>
        </Filter>
        <Filter Include="Header Files">
            <UniqueIdentifier>{93995380-89BD-4b04-88EB-625FBE52EBFB}</UniqueIdentifier>
            <Extensions>h;hh;hpp;hxx;h++;hm;inl;inc;ipp;xsd</Extensions>
        </Filter>
        <Filter Include="Resource Files">
            <UniqueIdentifier>{67DA6AB6-F800-4c08-8B7A-83BB121AAD01}</UniqueIdentifier>
            <Extensions>rc;ico;cur;bmp;dlg;rc2;rct;bin;rgs;gif;jpg;jpeg;jpe;resx;tiff;tif;png;wav;mfcribbon-ms</Extensions>
        </Filter>
        <Filter Include="Source Files\Handlers">
            <UniqueIdentifier>{dab69698-0135-427f-ab00-1c7b030e82c2}</UniqueIdentifier>
        </Filter>
        <Filter Include="Source Files\Handlers\SniffHandler">
            <UniqueIdentifier>{9f6876de-7a6c-4109-b7cf-ab972a09d189}</UniqueIdentifier>
        </Filter>
        <Filter Include="Source Files\Handlers\SniffHandler\Server">
            <UniqueIdentifier>{6677551c-86df-424b-9b9a-5f76176d2190}</UniqueIdentifier>
        </Filter>
        <Filter Include="Source Files\Handlers\SniffHandler\Client">
            <UniqueIdentifier>{fbb7ef1d-0748-47ac-aba1-0cb4c6e85ce2}</UniqueIdentifier>
        </Filter>
    </ItemGroup>
    <ItemGroup>
        <ClInclude Include="src\PacketProcessing\PacketParser.h">
            <Filter>Source Files</Filter>
        </ClInclude>
        <ClInclude Include="src\PacketProcessing\PacketParserBase.h">
            <Filter>Source Files</Filter>
        </ClInclude>
        <ClInclude Include="src\PacketProcessing\Handlers\SniffHandler\SniffHandler-decl.h">
            <Filter>Source Files\Handlers\SniffHandler</Filter>
        </ClInclude>
        <ClInclude Include="src\PacketProcessing\Handlers\SniffHandler\SniffHandler.h">
            <Filter>Source Files\Handlers\SniffHandler</Filter>
        </ClInclude>
    </ItemGroup>
    <ItemGroup>
        <ClCompile Include="src\PacketProcessing\PacketParser.cpp">
            <Filter>Source Files</Filter>
        </ClCompile>
        <ClCompile Include="src\PacketProcessing\PacketParserBase.cpp">
            <Filter>Source Files</Filter>
        </ClCompile>
        <ClCompile Include="src\PacketProcessing\Handlers\SniffHandler\SniffHandler.cpp">
            <Filter>Source Files\Handlers\SniffHandler</Filter>
        </ClCompile>
        <ClCompile Include="src\PacketProcessing\PacketOpcodes.cpp">
            <Filter>Source Files</Filter>
        </ClCompile>
    </ItemGroup>
    <ItemGroup>
        <ClCompile Include="./../PacketProcessing\src/PacketProcessing/Handlers\SniffHandler\Server\UserChatPacket-s-SniffHandler.cpp">
            <Filter>Source Files\Handlers\SniffHandler\Server</Filter>
        </ClCompile>
    </ItemGroup>
    <ItemGroup>
        <ClCompile Include="src\PacketProcessing\Handlers\SniffHandler\Server\FieldAddNpcPacket-s-SniffHandler.cpp">
            <Filter>Source Files\Handlers\SniffHandler\Server</Filter>
        </ClCompile>
    </ItemGroup>
    <ItemGroup>
        <ClCompile Include="src\PacketProcessing\Handlers\SniffHandler\Server\FieldRemoveNpcPacket-s-SniffHandler.cpp">
            <Filter>Source Files\Handlers\SniffHandler\Server</Filter>
        </ClCompile>
    </ItemGroup>
    <ItemGroup>
        <ClCompile Include="./../PacketProcessing\src/PacketProcessing/Handlers\SniffHandler\Server\RequestFieldEnterPacket-s-SniffHandler.cpp">
            <Filter>Source Files\Handlers\SniffHandler\Server</Filter>
        </ClCompile>
    </ItemGroup>
    <ItemGroup>
        <ClCompile Include="./../PacketProcessing\src/PacketProcessing/Handlers\SniffHandler\Server\FieldRemovePlayerPacket-s-SniffHandler.cpp">
            <Filter>Source Files\Handlers\SniffHandler\Server</Filter>
        </ClCompile>
    </ItemGroup>
    <ItemGroup>
        <ClCompile Include="./../PacketProcessing\src/PacketProcessing/Handlers\SniffHandler\Client\RequestQuitPacket-c-SniffHandler.cpp">
            <Filter>Source Files\Handlers\SniffHandler\Client</Filter>
        </ClCompile>
    </ItemGroup>
    <ItemGroup>
        <ClCompile Include="./../PacketProcessing\src/PacketProcessing/Handlers\SniffHandler\Client\LogInPacket-c-SniffHandler.cpp">
            <Filter>Source Files\Handlers\SniffHandler\Client</Filter>
        </ClCompile>
    </ItemGroup>
    <ItemGroup>
        <ClCompile Include="./../PacketProcessing\src/PacketProcessing/Handlers\SniffHandler\Server\SkillDamageRegionPacket-s-SniffHandler.cpp">
            <Filter>Source Files\Handlers\SniffHandler\Server</Filter>
        </ClCompile>
    </ItemGroup>
    <ItemGroup>
        <ClCompile Include="./../PacketProcessing\src/PacketProcessing/Handlers\SniffHandler\Client\StateSkillPacket-c-SniffHandler.cpp">
            <Filter>Source Files\Handlers\SniffHandler\Client</Filter>
        </ClCompile>
    </ItemGroup>
    <ItemGroup>
        <ClCompile Include="./../PacketProcessing\src/PacketProcessing/Handlers\SniffHandler\Client\ResponseKeyPacket-c-SniffHandler.cpp">
            <Filter>Source Files\Handlers\SniffHandler\Client</Filter>
        </ClCompile>
    </ItemGroup>
    <ItemGroup>
        <ClCompile Include="./../PacketProcessing\src/PacketProcessing/Handlers\SniffHandler\Client\ResponseVersionPacket-c-SniffHandler.cpp">
            <Filter>Source Files\Handlers\SniffHandler\Client</Filter>
        </ClCompile>
    </ItemGroup>
    <ItemGroup>
        <ClCompile Include="./../PacketProcessing\src/PacketProcessing/Handlers\SniffHandler\Client\HandshakePacket-c-SniffHandler.cpp">
            <Filter>Source Files\Handlers\SniffHandler\Client</Filter>
        </ClCompile>
    </ItemGroup>
    <ItemGroup>
        <ClCompile Include="./../PacketProcessing\src/PacketProcessing/Handlers\SniffHandler\Client\ResponseHeartbeatPacket-c-SniffHandler.cpp">
            <Filter>Source Files\Handlers\SniffHandler\Client</Filter>
        </ClCompile>
    </ItemGroup>
    <ItemGroup>
        <ClCompile Include="./../PacketProcessing\src/PacketProcessing/Handlers\SniffHandler\Client\LogInAuthTokenPacket-c-SniffHandler.cpp">
            <Filter>Source Files\Handlers\SniffHandler\Client</Filter>
        </ClCompile>
    </ItemGroup>
    <ItemGroup>
        <ClCompile Include="./../PacketProcessing\src/PacketProcessing/Handlers\SniffHandler\Server\SkillDamageHealPacket-s-SniffHandler.cpp">
            <Filter>Source Files\Handlers\SniffHandler\Server</Filter>
        </ClCompile>
    </ItemGroup>
    <ItemGroup>
        <ClCompile Include="./../PacketProcessing\src/PacketProcessing/Handlers\SniffHandler\Client\SkillCastPacket-c-SniffHandler.cpp">
            <Filter>Source Files\Handlers\SniffHandler\Client</Filter>
        </ClCompile>
    </ItemGroup>
    <ItemGroup>
        <ClCompile Include="./../PacketProcessing\src/PacketProcessing/Handlers\SniffHandler\Client\SkillSyncDamagePacket-c-SniffHandler.cpp">
            <Filter>Source Files\Handlers\SniffHandler\Client</Filter>
        </ClCompile>
    </ItemGroup>
    <ItemGroup>
        <ClCompile Include="./../PacketProcessing\src/PacketProcessing/Handlers\SniffHandler\Client\SkillDamagePacket-c-SniffHandler.cpp">
            <Filter>Source Files\Handlers\SniffHandler\Client</Filter>
        </ClCompile>
    </ItemGroup>
    <ItemGroup>
        <ClCompile Include="./../PacketProcessing\src/PacketProcessing/Handlers\SniffHandler\Client\SkillRegionSkillPacket-c-SniffHandler.cpp">
            <Filter>Source Files\Handlers\SniffHandler\Client</Filter>
        </ClCompile>
    </ItemGroup>
    <ItemGroup>
        <ClCompile Include="./../PacketProcessing\src/PacketProcessing/Handlers\SniffHandler\Client\SkillSyncPacket-c-SniffHandler.cpp">
            <Filter>Source Files\Handlers\SniffHandler\Client</Filter>
        </ClCompile>
    </ItemGroup>
    <ItemGroup>
        <ClCompile Include="./../PacketProcessing\src/PacketProcessing/Handlers\SniffHandler\Server\Reconnect7Packet-s-SniffHandler.cpp">
            <Filter>Source Files\Handlers\SniffHandler\Server</Filter>
        </ClCompile>
    </ItemGroup>
    <ItemGroup>
        <ClCompile Include="./../PacketProcessing\src/PacketProcessing/Handlers\SniffHandler\Client\SkillSyncTickPacket-c-SniffHandler.cpp">
            <Filter>Source Files\Handlers\SniffHandler\Client</Filter>
        </ClCompile>
    </ItemGroup>
    <ItemGroup>
        <ClCompile Include="./../PacketProcessing\src/PacketProcessing/Handlers\SniffHandler\Server\SkillDamagePacket-s-SniffHandler.cpp">
            <Filter>Source Files\Handlers\SniffHandler\Server</Filter>
        </ClCompile>
    </ItemGroup>
    <ItemGroup>
        <ClCompile Include="./../PacketProcessing\src/PacketProcessing/Handlers\SniffHandler\Client\SkillCancelPacket-c-SniffHandler.cpp">
            <Filter>Source Files\Handlers\SniffHandler\Client</Filter>
        </ClCompile>
    </ItemGroup>
    <ItemGroup>
        <ClCompile Include="./../PacketProcessing\src/PacketProcessing/Handlers\SniffHandler\Client\NpcTalkClosePacket-c-SniffHandler.cpp">
            <Filter>Source Files\Handlers\SniffHandler\Client</Filter>
        </ClCompile>
    </ItemGroup>
    <ItemGroup>
        <ClCompile Include="./../PacketProcessing\src/PacketProcessing/Handlers\SniffHandler\Server\FieldAddItemPacket-s-SniffHandler.cpp">
            <Filter>Source Files\Handlers\SniffHandler\Server</Filter>
        </ClCompile>
    </ItemGroup>
    <ItemGroup>
        <ClCompile Include="./../PacketProcessing\src/PacketProcessing/Handlers\SniffHandler\Client\NpcTalkBeginPacket-c-SniffHandler.cpp">
            <Filter>Source Files\Handlers\SniffHandler\Client</Filter>
        </ClCompile>
    </ItemGroup>
    <ItemGroup>
        <ClCompile Include="./../PacketProcessing\src/PacketProcessing/Handlers\SniffHandler\Server\SkillDamageTilePacket-s-SniffHandler.cpp">
            <Filter>Source Files\Handlers\SniffHandler\Server</Filter>
        </ClCompile>
    </ItemGroup>
    <ItemGroup>
        <ClCompile Include="./../PacketProcessing\src/PacketProcessing/Handlers\SniffHandler\Client\NpcTalkContinuePacket-c-SniffHandler.cpp">
            <Filter>Source Files\Handlers\SniffHandler\Client</Filter>
        </ClCompile>
    </ItemGroup>
    <ItemGroup>
        <ClCompile Include="./../PacketProcessing\src/PacketProcessing/Handlers\SniffHandler\Client\NpcTalkEnchantUnknownPacket-c-SniffHandler.cpp">
            <Filter>Source Files\Handlers\SniffHandler\Client</Filter>
        </ClCompile>
    </ItemGroup>
    <ItemGroup>
        <ClCompile Include="./../PacketProcessing\src/PacketProcessing/Handlers\SniffHandler\Server\FieldRemoveItemPacket-s-SniffHandler.cpp">
            <Filter>Source Files\Handlers\SniffHandler\Server</Filter>
        </ClCompile>
    </ItemGroup>
    <ItemGroup>
        <ClCompile Include="./../PacketProcessing\src/PacketProcessing/Handlers\SniffHandler\Client\NpcTalkEnchantPacket-c-SniffHandler.cpp">
            <Filter>Source Files\Handlers\SniffHandler\Client</Filter>
        </ClCompile>
    </ItemGroup>
    <ItemGroup>
        <ClCompile Include="./../PacketProcessing\src/PacketProcessing/Handlers\SniffHandler\Server\SkillDamageDotPacket-s-SniffHandler.cpp">
            <Filter>Source Files\Handlers\SniffHandler\Server</Filter>
        </ClCompile>
    </ItemGroup>
    <ItemGroup>
        <ClCompile Include="./../PacketProcessing\src/PacketProcessing/Handlers\SniffHandler\Client\NpcTalkNextQuestPacket-c-SniffHandler.cpp">
            <Filter>Source Files\Handlers\SniffHandler\Client</Filter>
        </ClCompile>
    </ItemGroup>
    <ItemGroup>
        <ClCompile Include="./../PacketProcessing\src/PacketProcessing/Handlers\SniffHandler\Server\TrophyStartPacket-s-SniffHandler.cpp">
            <Filter>Source Files\Handlers\SniffHandler\Server</Filter>
        </ClCompile>
    </ItemGroup>
    <ItemGroup>
        <ClCompile Include="./../PacketProcessing\src/PacketProcessing/Handlers\SniffHandler\Client\NpcTalkAllianceQuestAcceptPacket-c-SniffHandler.cpp">
            <Filter>Source Files\Handlers\SniffHandler\Client</Filter>
        </ClCompile>
    </ItemGroup>
    <ItemGroup>
        <ClCompile Include="./../PacketProcessing\src/PacketProcessing/Handlers\SniffHandler\Client\NpcTalkAllianceQuestTalkPacket-c-SniffHandler.cpp">
            <Filter>Source Files\Handlers\SniffHandler\Client</Filter>
        </ClCompile>
    </ItemGroup>
    <ItemGroup>
        <ClCompile Include="./../PacketProcessing\src/PacketProcessing/Handlers\SniffHandler\Client\NpcTalkCinematicPacket-c-SniffHandler.cpp">
            <Filter>Source Files\Handlers\SniffHandler\Client</Filter>
        </ClCompile>
    </ItemGroup>
    <ItemGroup>
        <ClCompile Include="./../PacketProcessing\src/PacketProcessing/Handlers\SniffHandler\Server\BuffPacket-s-SniffHandler.cpp">
            <Filter>Source Files\Handlers\SniffHandler\Server</Filter>
        </ClCompile>
    </ItemGroup>
    <ItemGroup>
        <ClCompile Include="./../PacketProcessing\src/PacketProcessing/Handlers\SniffHandler\Client\SystemInfoPacket-c-SniffHandler.cpp">
            <Filter>Source Files\Handlers\SniffHandler\Client</Filter>
        </ClCompile>
    </ItemGroup>
    <ItemGroup>
        <ClCompile Include="./../PacketProcessing\src/PacketProcessing/Handlers\SniffHandler\Server\SkillDamageSyncPacket-s-SniffHandler.cpp">
            <Filter>Source Files\Handlers\SniffHandler\Server</Filter>
        </ClCompile>
    </ItemGroup>
    <ItemGroup>
        <ClCompile Include="./../PacketProcessing\src/PacketProcessing/Handlers\SniffHandler\Server\TrophyContentPacket-s-SniffHandler.cpp">
            <Filter>Source Files\Handlers\SniffHandler\Server</Filter>
        </ClCompile>
    </ItemGroup>
    <ItemGroup>
        <ClCompile Include="./../PacketProcessing\src/PacketProcessing/Handlers\SniffHandler\Server\TrophyUpdatePacket-s-SniffHandler.cpp">
            <Filter>Source Files\Handlers\SniffHandler\Server</Filter>
        </ClCompile>
    </ItemGroup>
    <ItemGroup>
        <ClCompile Include="./../PacketProcessing\src/PacketProcessing/Handlers\SniffHandler\Client\SpecialStat-c-SniffHandler.cpp">
            <Filter>Source Files\Handlers\SniffHandler\Client</Filter>
        </ClCompile>
    </ItemGroup>
    <ItemGroup>
        <ClCompile Include="./../PacketProcessing\src/PacketProcessing/Handlers\SniffHandler\Server\CharacterListLoadPacket-s-SniffHandler.cpp">
            <Filter>Source Files\Handlers\SniffHandler\Server</Filter>
        </ClCompile>
    </ItemGroup>
    <ItemGroup>
        <ClCompile Include="./../PacketProcessing\src/PacketProcessing/Handlers\SniffHandler\Server\CharacterListAddPacket-s-SniffHandler.cpp">
            <Filter>Source Files\Handlers\SniffHandler\Server</Filter>
        </ClCompile>
    </ItemGroup>
    <ItemGroup>
        <ClCompile Include="./../PacketProcessing\src/PacketProcessing/Handlers\SniffHandler\Server\CharacterListDeletePacket-s-SniffHandler.cpp">
            <Filter>Source Files\Handlers\SniffHandler\Server</Filter>
        </ClCompile>
    </ItemGroup>
    <ItemGroup>
        <ClCompile Include="./../PacketProcessing\src/PacketProcessing/Handlers\SniffHandler\Server\CharacterListDeletePendingPacket-s-SniffHandler.cpp">
            <Filter>Source Files\Handlers\SniffHandler\Server</Filter>
        </ClCompile>
    </ItemGroup>
    <ItemGroup>
        <ClCompile Include="./../PacketProcessing\src/PacketProcessing/Handlers\SniffHandler\Server\CharacterListCancelDeletePacket-s-SniffHandler.cpp">
            <Filter>Source Files\Handlers\SniffHandler\Server</Filter>
        </ClCompile>
    </ItemGroup>
    <ItemGroup>
        <ClCompile Include="./../PacketProcessing\src/PacketProcessing/Handlers\SniffHandler\Server\CharacterListChangeNamePacket-s-SniffHandler.cpp">
            <Filter>Source Files\Handlers\SniffHandler\Server</Filter>
        </ClCompile>
    </ItemGroup>
    <ItemGroup>
        <ClCompile Include="./../PacketProcessing\src/PacketProcessing/Handlers\SniffHandler\Server\JobPacket-s-SniffHandler.cpp">
            <Filter>Source Files\Handlers\SniffHandler\Server</Filter>
        </ClCompile>
    </ItemGroup>
    <ItemGroup>
        <ClCompile Include="./../PacketProcessing\src/PacketProcessing/Handlers\SniffHandler\Server\CharacterInfoPacket-s-SniffHandler.cpp">
            <Filter>Source Files\Handlers\SniffHandler\Server</Filter>
        </ClCompile>
    </ItemGroup>
    <ItemGroup>
        <ClCompile Include="./../PacketProcessing\src/PacketProcessing/Handlers\SniffHandler\Server\LoadCubesPacket-s-SniffHandler.cpp">
            <Filter>Source Files\Handlers\SniffHandler\Server</Filter>
        </ClCompile>
    </ItemGroup>
    <ItemGroup>
        <ClCompile Include="./../PacketProcessing\src/PacketProcessing/Handlers\SniffHandler\Server\LoadCubesAvailabilityPacket-s-SniffHandler.cpp">
            <Filter>Source Files\Handlers\SniffHandler\Server</Filter>
        </ClCompile>
    </ItemGroup>
    <ItemGroup>
        <ClCompile Include="./../PacketProcessing\src/PacketProcessing/Handlers\SniffHandler\Server\LoadCubesPlotsPacket-s-SniffHandler.cpp">
            <Filter>Source Files\Handlers\SniffHandler\Server</Filter>
        </ClCompile>
    </ItemGroup>
    <ItemGroup>
        <ClCompile Include="./../PacketProcessing\src/PacketProcessing/Handlers\SniffHandler\Server\LoadCubesExpirationPacket-s-SniffHandler.cpp">
            <Filter>Source Files\Handlers\SniffHandler\Server</Filter>
        </ClCompile>
    </ItemGroup>
    <ItemGroup>
        <ClCompile Include="./../PacketProcessing\src/PacketProcessing/Handlers\SniffHandler\Server\FieldAddPlayerPacket-s-SniffHandler.cpp">
            <Filter>Source Files\Handlers\SniffHandler\Server</Filter>
        </ClCompile>
    </ItemGroup>
    <ItemGroup>
        <ClCompile Include="./../PacketProcessing\src/PacketProcessing/Handlers\SniffHandler\Server\FieldAddPetPacket-s-SniffHandler.cpp">
            <Filter>Source Files\Handlers\SniffHandler\Server</Filter>
        </ClCompile>
    </ItemGroup>
    <ItemGroup>
        <ClCompile Include="./../PacketProcessing\src/PacketProcessing/Handlers\SniffHandler\Server\FieldRemovePetPacket-s-SniffHandler.cpp">
            <Filter>Source Files\Handlers\SniffHandler\Server</Filter>
        </ClCompile>
    </ItemGroup>
    <ItemGroup>
        <ClCompile Include="./../PacketProcessing\src/PacketProcessing/Handlers\SniffHandler\Server\ServerEnterPacket-s-SniffHandler.cpp">
            <Filter>Source Files\Handlers\SniffHandler\Server</Filter>
        </ClCompile>
    </ItemGroup>
    <ItemGroup>
        <ClCompile Include="./../PacketProcessing\src/PacketProcessing/Handlers\SniffHandler\Server\StatPacket-s-SniffHandler.cpp">
            <Filter>Source Files\Handlers\SniffHandler\Server</Filter>
        </ClCompile>
    </ItemGroup>
    <ItemGroup>
        <ClCompile Include="./../PacketProcessing\src/PacketProcessing/Handlers\SniffHandler\Server\ExpUpPacket-s-SniffHandler.cpp">
            <Filter>Source Files\Handlers\SniffHandler\Server</Filter>
        </ClCompile>
    </ItemGroup>
    <ItemGroup>
        <ClCompile Include="./../PacketProcessing\src/PacketProcessing/Handlers\SniffHandler\Server\LevelUpPacket-s-SniffHandler.cpp">
            <Filter>Source Files\Handlers\SniffHandler\Server</Filter>
        </ClCompile>
    </ItemGroup>
    <ItemGroup>
        <ClCompile Include="./../PacketProcessing\src/PacketProcessing/Handlers\SniffHandler\Client\ReconnectPacket-c-SniffHandler.cpp">
            <Filter>Source Files\Handlers\SniffHandler\Client</Filter>
        </ClCompile>
    </ItemGroup>
    <ItemGroup>
        <ClCompile Include="./../PacketProcessing\src/PacketProcessing/Handlers\SniffHandler\Server\EnchantScrollEnchantUiPacket-s-SniffHandler.cpp">
            <Filter>Source Files\Handlers\SniffHandler\Server</Filter>
        </ClCompile>
    </ItemGroup>
    <ItemGroup>
        <ClCompile Include="./../PacketProcessing\src/PacketProcessing/Handlers\SniffHandler\Server\EnchantScrollSuccessPacket-s-SniffHandler.cpp">
            <Filter>Source Files\Handlers\SniffHandler\Server</Filter>
        </ClCompile>
    </ItemGroup>
    <ItemGroup>
        <ClCompile Include="./../PacketProcessing\src/PacketProcessing/Handlers\SniffHandler\Server\EnchantScrollStatUiPacket-s-SniffHandler.cpp">
            <Filter>Source Files\Handlers\SniffHandler\Server</Filter>
        </ClCompile>
    </ItemGroup>
    <ItemGroup>
        <ClCompile Include="./../PacketProcessing\src/PacketProcessing/Handlers\SniffHandler\Server\EnchantScrollResultPacket-s-SniffHandler.cpp">
            <Filter>Source Files\Handlers\SniffHandler\Server</Filter>
        </ClCompile>
    </ItemGroup>
    <ItemGroup>
        <ClCompile Include="./../PacketProcessing\src/PacketProcessing/Handlers\SniffHandler\Server\EnchantScrollRewardPacket-s-SniffHandler.cpp">
            <Filter>Source Files\Handlers\SniffHandler\Server</Filter>
        </ClCompile>
    </ItemGroup>
    <ItemGroup>
        <ClCompile Include="./../PacketProcessing\src/PacketProcessing/Handlers\SniffHandler\Server\ItemPutOffPacket-s-SniffHandler.cpp">
            <Filter>Source Files\Handlers\SniffHandler\Server</Filter>
        </ClCompile>
    </ItemGroup>
    <ItemGroup>
        <ClCompile Include="./../PacketProcessing\src/PacketProcessing/Handlers\SniffHandler\Server\FurnishingStorageCountPacket-s-SniffHandler.cpp">
            <Filter>Source Files\Handlers\SniffHandler\Server</Filter>
        </ClCompile>
    </ItemGroup>
    <ItemGroup>
        <ClCompile Include="./../PacketProcessing\src/PacketProcessing/Handlers\SniffHandler\Server\FurnishingStorageAddPacket-s-SniffHandler.cpp">
            <Filter>Source Files\Handlers\SniffHandler\Server</Filter>
        </ClCompile>
    </ItemGroup>
    <ItemGroup>
        <ClCompile Include="./../PacketProcessing\src/PacketProcessing/Handlers\SniffHandler\Server\ItemPutOnPacket-s-SniffHandler.cpp">
            <Filter>Source Files\Handlers\SniffHandler\Server</Filter>
        </ClCompile>
    </ItemGroup>
    <ItemGroup>
        <ClCompile Include="./../PacketProcessing\src/PacketProcessing/Handlers\SniffHandler\Server\ItemSkinPutOnPacket-s-SniffHandler.cpp">
            <Filter>Source Files\Handlers\SniffHandler\Server</Filter>
        </ClCompile>
    </ItemGroup>
    <ItemGroup>
        <ClCompile Include="./../PacketProcessing\src/PacketProcessing/Handlers\SniffHandler\Server\FurnishingStorageStartListPacket-s-SniffHandler.cpp">
            <Filter>Source Files\Handlers\SniffHandler\Server</Filter>
        </ClCompile>
    </ItemGroup>
    <ItemGroup>
        <ClCompile Include="./../PacketProcessing\src/PacketProcessing/Handlers\SniffHandler\Server\FurnishingStorageRemovePacket-s-SniffHandler.cpp">
            <Filter>Source Files\Handlers\SniffHandler\Server</Filter>
        </ClCompile>
    </ItemGroup>
    <ItemGroup>
        <ClCompile Include="./../PacketProcessing\src/PacketProcessing/Handlers\SniffHandler\Server\FurnishingStoragePurchasePacket-s-SniffHandler.cpp">
            <Filter>Source Files\Handlers\SniffHandler\Server</Filter>
        </ClCompile>
    </ItemGroup>
    <ItemGroup>
        <ClCompile Include="./../PacketProcessing\src/PacketProcessing/Handlers\SniffHandler\Server\FurnishingStorageUpdatePacket-s-SniffHandler.cpp">
            <Filter>Source Files\Handlers\SniffHandler\Server</Filter>
        </ClCompile>
    </ItemGroup>
    <ItemGroup>
        <ClCompile Include="./../PacketProcessing\src/PacketProcessing/Handlers\SniffHandler\Server\FurnishingStorageEndListPacket-s-SniffHandler.cpp">
            <Filter>Source Files\Handlers\SniffHandler\Server</Filter>
        </ClCompile>
    </ItemGroup>
    <ItemGroup>
        <ClCompile Include="./../PacketProcessing\src/PacketProcessing/Handlers\SniffHandler\Server\ItemSkinPutOffPacket-s-SniffHandler.cpp">
            <Filter>Source Files\Handlers\SniffHandler\Server</Filter>
        </ClCompile>
    </ItemGroup>
    <ItemGroup>
        <ClCompile Include="./../PacketProcessing\src/PacketProcessing/Handlers\SniffHandler\Server\ItemUpdatePacket-s-SniffHandler.cpp">
            <Filter>Source Files\Handlers\SniffHandler\Server</Filter>
        </ClCompile>
    </ItemGroup>
    <ItemGroup>
        <ClCompile Include="./../PacketProcessing\src/PacketProcessing/Handlers\SniffHandler\Server\BindItemPacket-s-SniffHandler.cpp">
            <Filter>Source Files\Handlers\SniffHandler\Server</Filter>
        </ClCompile>
    </ItemGroup>
    <ItemGroup>
        <ClCompile Include="./../PacketProcessing\src/PacketProcessing/Handlers\SniffHandler\Server\UserChatItemLinkPacket-s-SniffHandler.cpp">
            <Filter>Source Files\Handlers\SniffHandler\Server</Filter>
        </ClCompile>
    </ItemGroup>
    <ItemGroup>
        <ClCompile Include="./../PacketProcessing\src/PacketProcessing/Handlers\SniffHandler\Server\PetInfoPacket-s-SniffHandler.cpp">
            <Filter>Source Files\Handlers\SniffHandler\Server</Filter>
        </ClCompile>
    </ItemGroup>
    <ItemGroup>
        <ClCompile Include="./../PacketProcessing\src/PacketProcessing/Handlers\SniffHandler\Server\PetRenamePacket-s-SniffHandler.cpp">
            <Filter>Source Files\Handlers\SniffHandler\Server</Filter>
        </ClCompile>
    </ItemGroup>
    <ItemGroup>
        <ClCompile Include="./../PacketProcessing\src/PacketProcessing/Handlers\SniffHandler\Server\PetSummonedNoticePacket-s-SniffHandler.cpp">
            <Filter>Source Files\Handlers\SniffHandler\Server</Filter>
        </ClCompile>
    </ItemGroup>
    <ItemGroup>
        <ClCompile Include="./../PacketProcessing\src/PacketProcessing/Handlers\SniffHandler\Server\PetLapisSnarePacket-s-SniffHandler.cpp">
            <Filter>Source Files\Handlers\SniffHandler\Server</Filter>
        </ClCompile>
    </ItemGroup>
    <ItemGroup>
        <ClCompile Include="./../PacketProcessing\src/PacketProcessing/Handlers\SniffHandler\Server\PetFusionDialogPacket-s-SniffHandler.cpp">
            <Filter>Source Files\Handlers\SniffHandler\Server</Filter>
        </ClCompile>
    </ItemGroup>
    <ItemGroup>
        <ClCompile Include="./../PacketProcessing\src/PacketProcessing/Handlers\SniffHandler\Server\PetRemovePacket-s-SniffHandler.cpp">
            <Filter>Source Files\Handlers\SniffHandler\Server</Filter>
        </ClCompile>
    </ItemGroup>
    <ItemGroup>
        <ClCompile Include="./../PacketProcessing\src/PacketProcessing/Handlers\SniffHandler\Server\PetEvolvePointsPacket-s-SniffHandler.cpp">
            <Filter>Source Files\Handlers\SniffHandler\Server</Filter>
        </ClCompile>
    </ItemGroup>
    <ItemGroup>
        <ClCompile Include="./../PacketProcessing\src/PacketProcessing/Handlers\SniffHandler\Server\ChangeAttributesPreviewPacket-s-SniffHandler.cpp">
            <Filter>Source Files\Handlers\SniffHandler\Server</Filter>
        </ClCompile>
    </ItemGroup>
    <ItemGroup>
        <ClCompile Include="./../PacketProcessing\src/PacketProcessing/Handlers\SniffHandler\Server\ChangeAttributesAddPacket-s-SniffHandler.cpp">
            <Filter>Source Files\Handlers\SniffHandler\Server</Filter>
        </ClCompile>
    </ItemGroup>
    <ItemGroup>
        <ClCompile Include="./../PacketProcessing\src/PacketProcessing/Handlers\SniffHandler\Server\ChangeAttributesErrorPacket-s-SniffHandler.cpp">
            <Filter>Source Files\Handlers\SniffHandler\Server</Filter>
        </ClCompile>
    </ItemGroup>
    <ItemGroup>
        <ClCompile Include="./../PacketProcessing\src/PacketProcessing/Handlers\SniffHandler\Server\PetPotionPacket-s-SniffHandler.cpp">
            <Filter>Source Files\Handlers\SniffHandler\Server</Filter>
        </ClCompile>
    </ItemGroup>
    <ItemGroup>
        <ClCompile Include="./../PacketProcessing\src/PacketProcessing/Handlers\SniffHandler\Server\PlayInstrumentStartImprovisePacket-s-SniffHandler.cpp">
            <Filter>Source Files\Handlers\SniffHandler\Server</Filter>
        </ClCompile>
    </ItemGroup>
    <ItemGroup>
        <ClCompile Include="./../PacketProcessing\src/PacketProcessing/Handlers\SniffHandler\Server\PlayInstrumentPlayNotePacket-s-SniffHandler.cpp">
            <Filter>Source Files\Handlers\SniffHandler\Server</Filter>
        </ClCompile>
    </ItemGroup>
    <ItemGroup>
        <ClCompile Include="./../PacketProcessing\src/PacketProcessing/Handlers\SniffHandler\Server\PlayInstrumentStopImprovisePacket-s-SniffHandler.cpp">
            <Filter>Source Files\Handlers\SniffHandler\Server</Filter>
        </ClCompile>
    </ItemGroup>
    <ItemGroup>
        <ClCompile Include="./../PacketProcessing\src/PacketProcessing/Handlers\SniffHandler\Server\PlayInstrumentStartScorePacket-s-SniffHandler.cpp">
            <Filter>Source Files\Handlers\SniffHandler\Server</Filter>
        </ClCompile>
    </ItemGroup>
    <ItemGroup>
        <ClCompile Include="./../PacketProcessing\src/PacketProcessing/Handlers\SniffHandler\Server\PlayInstrumentStopScorePacket-s-SniffHandler.cpp">
            <Filter>Source Files\Handlers\SniffHandler\Server</Filter>
        </ClCompile>
    </ItemGroup>
    <ItemGroup>
        <ClCompile Include="./../PacketProcessing\src/PacketProcessing/Handlers\SniffHandler\Server\PlayInstrumentLeaveEnsemblePacket-s-SniffHandler.cpp">
            <Filter>Source Files\Handlers\SniffHandler\Server</Filter>
        </ClCompile>
    </ItemGroup>
    <ItemGroup>
        <ClCompile Include="./../PacketProcessing\src/PacketProcessing/Handlers\SniffHandler\Server\PlayInstrumentCreateScoreResponsePacket-s-SniffHandler.cpp">
            <Filter>Source Files\Handlers\SniffHandler\Server</Filter>
        </ClCompile>
    </ItemGroup>
    <ItemGroup>
        <ClCompile Include="./../PacketProcessing\src/PacketProcessing/Handlers\SniffHandler\Server\PlayInstrumentUpdateScoreUsesPacket-s-SniffHandler.cpp">
            <Filter>Source Files\Handlers\SniffHandler\Server</Filter>
        </ClCompile>
    </ItemGroup>
    <ItemGroup>
        <ClCompile Include="./../PacketProcessing\src/PacketProcessing/Handlers\SniffHandler\Server\PlayInstrumentViewMusicPacket-s-SniffHandler.cpp">
            <Filter>Source Files\Handlers\SniffHandler\Server</Filter>
        </ClCompile>
    </ItemGroup>
    <ItemGroup>
        <ClCompile Include="./../PacketProcessing\src/PacketProcessing/Handlers\SniffHandler\Server\PlayInstrumentEffectPacket-s-SniffHandler.cpp">
            <Filter>Source Files\Handlers\SniffHandler\Server</Filter>
        </ClCompile>
    </ItemGroup>
    <ItemGroup>
        <ClCompile Include="./../PacketProcessing\src/PacketProcessing/Handlers\SniffHandler\Server\PlayInstrumentWritePlayDialogPacket-s-SniffHandler.cpp">
            <Filter>Source Files\Handlers\SniffHandler\Server</Filter>
        </ClCompile>
    </ItemGroup>
    <ItemGroup>
        <ClCompile Include="./../PacketProcessing\src/PacketProcessing/Handlers\SniffHandler\Server\PetAddPacket-s-SniffHandler.cpp">
            <Filter>Source Files\Handlers\SniffHandler\Server</Filter>
        </ClCompile>
    </ItemGroup>
    <ItemGroup>
        <ClCompile Include="./../PacketProcessing\src/PacketProcessing/Handlers\SniffHandler\Server\PetSoundPacket-s-SniffHandler.cpp">
            <Filter>Source Files\Handlers\SniffHandler\Server</Filter>
        </ClCompile>
    </ItemGroup>
    <ItemGroup>
        <ClCompile Include="./../PacketProcessing\src/PacketProcessing/Handlers\SniffHandler\Server\PetLootPacket-s-SniffHandler.cpp">
            <Filter>Source Files\Handlers\SniffHandler\Server</Filter>
        </ClCompile>
    </ItemGroup>
    <ItemGroup>
        <ClCompile Include="./../PacketProcessing\src/PacketProcessing/Handlers\SniffHandler\Server\PetLoadCollectionPacket-s-SniffHandler.cpp">
            <Filter>Source Files\Handlers\SniffHandler\Server</Filter>
        </ClCompile>
    </ItemGroup>
    <ItemGroup>
        <ClCompile Include="./../PacketProcessing\src/PacketProcessing/Handlers\SniffHandler\Server\PetAddCollectionPacket-s-SniffHandler.cpp">
            <Filter>Source Files\Handlers\SniffHandler\Server</Filter>
        </ClCompile>
    </ItemGroup>
    <ItemGroup>
        <ClCompile Include="./../PacketProcessing\src/PacketProcessing/Handlers\SniffHandler\Server\PetFusionPacket-s-SniffHandler.cpp">
            <Filter>Source Files\Handlers\SniffHandler\Server</Filter>
        </ClCompile>
    </ItemGroup>
    <ItemGroup>
        <ClCompile Include="./../PacketProcessing\src/PacketProcessing/Handlers\SniffHandler\Server\PetLevelUpPacket-s-SniffHandler.cpp">
            <Filter>Source Files\Handlers\SniffHandler\Server</Filter>
        </ClCompile>
    </ItemGroup>
    <ItemGroup>
        <ClCompile Include="./../PacketProcessing\src/PacketProcessing/Handlers\SniffHandler\Server\PetOtherPetInfoPacket-s-SniffHandler.cpp">
            <Filter>Source Files\Handlers\SniffHandler\Server</Filter>
        </ClCompile>
    </ItemGroup>
    <ItemGroup>
        <ClCompile Include="./../PacketProcessing\src/PacketProcessing/Handlers\SniffHandler\Server\PetEvolvePacket-s-SniffHandler.cpp">
            <Filter>Source Files\Handlers\SniffHandler\Server</Filter>
        </ClCompile>
    </ItemGroup>
    <ItemGroup>
        <ClCompile Include="./../PacketProcessing\src/PacketProcessing/Handlers\SniffHandler\Server\PetErrorPacket-s-SniffHandler.cpp">
            <Filter>Source Files\Handlers\SniffHandler\Server</Filter>
        </ClCompile>
    </ItemGroup>
    <ItemGroup>
        <ClCompile Include="./../PacketProcessing\src/PacketProcessing/Handlers\SniffHandler\Server\PetUnknownFieldPetPacket-s-SniffHandler.cpp">
            <Filter>Source Files\Handlers\SniffHandler\Server</Filter>
        </ClCompile>
    </ItemGroup>
    <ItemGroup>
        <ClCompile Include="./../PacketProcessing\src/PacketProcessing/Handlers\SniffHandler\Server\ChangeAttributesScrollUseScrollPacket-s-SniffHandler.cpp">
            <Filter>Source Files\Handlers\SniffHandler\Server</Filter>
        </ClCompile>
    </ItemGroup>
    <ItemGroup>
        <ClCompile Include="./../PacketProcessing\src/PacketProcessing/Handlers\SniffHandler\Server\ChangeAttributesScrollUseOnItemPacket-s-SniffHandler.cpp">
            <Filter>Source Files\Handlers\SniffHandler\Server</Filter>
        </ClCompile>
    </ItemGroup>
    <ItemGroup>
        <ClCompile Include="./../PacketProcessing\src/PacketProcessing/Handlers\SniffHandler\Server\ChangeAttributesScrollPreviewItemPacket-s-SniffHandler.cpp">
            <Filter>Source Files\Handlers\SniffHandler\Server</Filter>
        </ClCompile>
    </ItemGroup>
    <ItemGroup>
        <ClCompile Include="./../PacketProcessing\src/PacketProcessing/Handlers\SniffHandler\Server\ChangeAttributesScrollErrorPacket-s-SniffHandler.cpp">
            <Filter>Source Files\Handlers\SniffHandler\Server</Filter>
        </ClCompile>
    </ItemGroup>
    <ItemGroup>
        <ClCompile Include="./../PacketProcessing\src/PacketProcessing/Handlers\SniffHandler\Server\NpcTalkActionAddOptionPacket-s-SniffHandler.cpp">
            <Filter>Source Files\Handlers\SniffHandler\Server</Filter>
        </ClCompile>
    </ItemGroup>
    <ItemGroup>
        <ClCompile Include="./../PacketProcessing\src/PacketProcessing/Handlers\SniffHandler\Server\NpcTalkAlliancePacket-s-SniffHandler.cpp">
            <Filter>Source Files\Handlers\SniffHandler\Server</Filter>
        </ClCompile>
    </ItemGroup>
    <ItemGroup>
        <ClCompile Include="./../PacketProcessing\src/PacketProcessing/Handlers\SniffHandler\Server\NpcTalkActionRewardItemPacket-s-SniffHandler.cpp">
            <Filter>Source Files\Handlers\SniffHandler\Server</Filter>
        </ClCompile>
    </ItemGroup>
    <ItemGroup>
        <ClCompile Include="./../PacketProcessing\src/PacketProcessing/Handlers\SniffHandler\Server\ShopOpenPacket-s-SniffHandler.cpp">
            <Filter>Source Files\Handlers\SniffHandler\Server</Filter>
        </ClCompile>
    </ItemGroup>
    <ItemGroup>
        <ClCompile Include="./../PacketProcessing\src/PacketProcessing/Handlers\SniffHandler\Server\NpcTalkActionMovePlayerPacket-s-SniffHandler.cpp">
            <Filter>Source Files\Handlers\SniffHandler\Server</Filter>
        </ClCompile>
    </ItemGroup>
    <ItemGroup>
        <ClCompile Include="./../PacketProcessing\src/PacketProcessing/Handlers\SniffHandler\Server\NpcTalkUpdatePacket-s-SniffHandler.cpp">
            <Filter>Source Files\Handlers\SniffHandler\Server</Filter>
        </ClCompile>
    </ItemGroup>
    <ItemGroup>
        <ClCompile Include="./../PacketProcessing\src/PacketProcessing/Handlers\SniffHandler\Server\NpcTalkActionCutscenePacket-s-SniffHandler.cpp">
            <Filter>Source Files\Handlers\SniffHandler\Server</Filter>
        </ClCompile>
    </ItemGroup>
    <ItemGroup>
        <ClCompile Include="./../PacketProcessing\src/PacketProcessing/Handlers\SniffHandler\Server\NpcTalkEndPacket-s-SniffHandler.cpp">
            <Filter>Source Files\Handlers\SniffHandler\Server</Filter>
        </ClCompile>
    </ItemGroup>
    <ItemGroup>
        <ClCompile Include="./../PacketProcessing\src/PacketProcessing/Handlers\SniffHandler\Server\NpcTalkActionOpenDialogPacket-s-SniffHandler.cpp">
            <Filter>Source Files\Handlers\SniffHandler\Server</Filter>
        </ClCompile>
    </ItemGroup>
    <ItemGroup>
        <ClCompile Include="./../PacketProcessing\src/PacketProcessing/Handlers\SniffHandler\Server\NpcTalkContinuePacket-s-SniffHandler.cpp">
            <Filter>Source Files\Handlers\SniffHandler\Server</Filter>
        </ClCompile>
    </ItemGroup>
    <ItemGroup>
        <ClCompile Include="./../PacketProcessing\src/PacketProcessing/Handlers\SniffHandler\Server\FittingDollLoadPacket-s-SniffHandler.cpp">
            <Filter>Source Files\Handlers\SniffHandler\Server</Filter>
        </ClCompile>
    </ItemGroup>
    <ItemGroup>
        <ClCompile Include="./../PacketProcessing\src/PacketProcessing/Handlers\SniffHandler\Server\NpcTalkRespondPacket-s-SniffHandler.cpp">
            <Filter>Source Files\Handlers\SniffHandler\Server</Filter>
        </ClCompile>
    </ItemGroup>
    <ItemGroup>
        <ClCompile Include="./../PacketProcessing\src/PacketProcessing/Handlers\SniffHandler\Server\NpcTalkActionRewardExpPacket-s-SniffHandler.cpp">
            <Filter>Source Files\Handlers\SniffHandler\Server</Filter>
        </ClCompile>
    </ItemGroup>
    <ItemGroup>
        <ClCompile Include="./../PacketProcessing\src/PacketProcessing/Handlers\SniffHandler\Server\TradeDeclinedPacket-s-SniffHandler.cpp">
            <Filter>Source Files\Handlers\SniffHandler\Server</Filter>
        </ClCompile>
    </ItemGroup>
    <ItemGroup>
        <ClCompile Include="./../PacketProcessing\src/PacketProcessing/Handlers\SniffHandler\Server\MailErrorPacket-s-SniffHandler.cpp">
            <Filter>Source Files\Handlers\SniffHandler\Server</Filter>
        </ClCompile>
    </ItemGroup>
    <ItemGroup>
        <ClCompile Include="./../PacketProcessing\src/PacketProcessing/Handlers\SniffHandler\Server\BlackMarketSoldPacket-s-SniffHandler.cpp">
            <Filter>Source Files\Handlers\SniffHandler\Server</Filter>
        </ClCompile>
    </ItemGroup>
    <ItemGroup>
        <ClCompile Include="./../PacketProcessing\src/PacketProcessing/Handlers\SniffHandler\Server\ItemLockErrorPacket-s-SniffHandler.cpp">
            <Filter>Source Files\Handlers\SniffHandler\Server</Filter>
        </ClCompile>
    </ItemGroup>
    <ItemGroup>
        <ClCompile Include="./../PacketProcessing\src/PacketProcessing/Handlers\SniffHandler\Server\PetInventoryUpdateAmountPacket-s-SniffHandler.cpp">
            <Filter>Source Files\Handlers\SniffHandler\Server</Filter>
        </ClCompile>
    </ItemGroup>
    <ItemGroup>
        <ClCompile Include="./../PacketProcessing\src/PacketProcessing/Handlers\SniffHandler\Server\MailLoadPacket-s-SniffHandler.cpp">
            <Filter>Source Files\Handlers\SniffHandler\Server</Filter>
        </ClCompile>
    </ItemGroup>
    <ItemGroup>
        <ClCompile Include="./../PacketProcessing\src/PacketProcessing/Handlers\SniffHandler\Server\NpcTalkActionRewardMesoPacket-s-SniffHandler.cpp">
            <Filter>Source Files\Handlers\SniffHandler\Server</Filter>
        </ClCompile>
    </ItemGroup>
    <ItemGroup>
        <ClCompile Include="./../PacketProcessing\src/PacketProcessing/Handlers\SniffHandler\Server\ItemEnchantSuccessPacket-s-SniffHandler.cpp">
            <Filter>Source Files\Handlers\SniffHandler\Server</Filter>
        </ClCompile>
    </ItemGroup>
    <ItemGroup>
        <ClCompile Include="./../PacketProcessing\src/PacketProcessing/Handlers\SniffHandler\Server\ItemLockRemoveItemPacket-s-SniffHandler.cpp">
            <Filter>Source Files\Handlers\SniffHandler\Server</Filter>
        </ClCompile>
    </ItemGroup>
    <ItemGroup>
        <ClCompile Include="./../PacketProcessing\src/PacketProcessing/Handlers\SniffHandler\Server\MailExpireNotificationPacket-s-SniffHandler.cpp">
            <Filter>Source Files\Handlers\SniffHandler\Server</Filter>
        </ClCompile>
    </ItemGroup>
    <ItemGroup>
        <ClCompile Include="./../PacketProcessing\src/PacketProcessing/Handlers\SniffHandler\Server\ItemLockAddItemPacket-s-SniffHandler.cpp">
            <Filter>Source Files\Handlers\SniffHandler\Server</Filter>
        </ClCompile>
    </ItemGroup>
    <ItemGroup>
        <ClCompile Include="./../PacketProcessing\src/PacketProcessing/Handlers\SniffHandler\Server\ItemLockUpdateItemPacket-s-SniffHandler.cpp">
            <Filter>Source Files\Handlers\SniffHandler\Server</Filter>
        </ClCompile>
    </ItemGroup>
    <ItemGroup>
        <ClCompile Include="./../PacketProcessing\src/PacketProcessing/Handlers\SniffHandler\Server\ItemEnchantBeginPacket-s-SniffHandler.cpp">
            <Filter>Source Files\Handlers\SniffHandler\Server</Filter>
        </ClCompile>
    </ItemGroup>
    <ItemGroup>
        <ClCompile Include="./../PacketProcessing\src/PacketProcessing/Handlers\SniffHandler\Server\ShopRemoveBuyBackPacket-s-SniffHandler.cpp">
            <Filter>Source Files\Handlers\SniffHandler\Server</Filter>
        </ClCompile>
    </ItemGroup>
    <ItemGroup>
        <ClCompile Include="./../PacketProcessing\src/PacketProcessing/Handlers\SniffHandler\Server\MailSendCustomConfirmPacket-s-SniffHandler.cpp">
            <Filter>Source Files\Handlers\SniffHandler\Server</Filter>
        </ClCompile>
    </ItemGroup>
    <ItemGroup>
        <ClCompile Include="./../PacketProcessing\src/PacketProcessing/Handlers\SniffHandler\Server\MailReadPacket-s-SniffHandler.cpp">
            <Filter>Source Files\Handlers\SniffHandler\Server</Filter>
        </ClCompile>
    </ItemGroup>
    <ItemGroup>
        <ClCompile Include="./../PacketProcessing\src/PacketProcessing/Handlers\SniffHandler\Server\MailCollectingPacket-s-SniffHandler.cpp">
            <Filter>Source Files\Handlers\SniffHandler\Server</Filter>
        </ClCompile>
    </ItemGroup>
    <ItemGroup>
        <ClCompile Include="./../PacketProcessing\src/PacketProcessing/Handlers\SniffHandler\Server\MailUpdateReadTimePacket-s-SniffHandler.cpp">
            <Filter>Source Files\Handlers\SniffHandler\Server</Filter>
        </ClCompile>
    </ItemGroup>
    <ItemGroup>
        <ClCompile Include="./../PacketProcessing\src/PacketProcessing/Handlers\SniffHandler\Server\MailDeletePacket-s-SniffHandler.cpp">
            <Filter>Source Files\Handlers\SniffHandler\Server</Filter>
        </ClCompile>
    </ItemGroup>
    <ItemGroup>
        <ClCompile Include="./../PacketProcessing\src/PacketProcessing/Handlers\SniffHandler\Server\MailReceivePacket-s-SniffHandler.cpp">
            <Filter>Source Files\Handlers\SniffHandler\Server</Filter>
        </ClCompile>
    </ItemGroup>
    <ItemGroup>
        <ClCompile Include="./../PacketProcessing\src/PacketProcessing/Handlers\SniffHandler\Server\MailStartListPacket-s-SniffHandler.cpp">
            <Filter>Source Files\Handlers\SniffHandler\Server</Filter>
        </ClCompile>
    </ItemGroup>
    <ItemGroup>
        <ClCompile Include="./../PacketProcessing\src/PacketProcessing/Handlers\SniffHandler\Server\MailEndListPacket-s-SniffHandler.cpp">
            <Filter>Source Files\Handlers\SniffHandler\Server</Filter>
        </ClCompile>
    </ItemGroup>
    <ItemGroup>
        <ClCompile Include="./../PacketProcessing\src/PacketProcessing/Handlers\SniffHandler\Server\MailError2Packet-s-SniffHandler.cpp">
            <Filter>Source Files\Handlers\SniffHandler\Server</Filter>
        </ClCompile>
    </ItemGroup>
    <ItemGroup>
        <ClCompile Include="./../PacketProcessing\src/PacketProcessing/Handlers\SniffHandler\Server\MailReceiveGiftNotificationPacket-s-SniffHandler.cpp">
            <Filter>Source Files\Handlers\SniffHandler\Server</Filter>
        </ClCompile>
    </ItemGroup>
    <ItemGroup>
        <ClCompile Include="./../PacketProcessing\src/PacketProcessing/Handlers\SniffHandler\Server\TradeErrorPacket-s-SniffHandler.cpp">
            <Filter>Source Files\Handlers\SniffHandler\Server</Filter>
        </ClCompile>
    </ItemGroup>
    <ItemGroup>
        <ClCompile Include="./../PacketProcessing\src/PacketProcessing/Handlers\SniffHandler\Server\TradeFinalizeConfirmPacket-s-SniffHandler.cpp">
            <Filter>Source Files\Handlers\SniffHandler\Server</Filter>
        </ClCompile>
    </ItemGroup>
    <ItemGroup>
        <ClCompile Include="./../PacketProcessing\src/PacketProcessing/Handlers\SniffHandler\Server\ItemEnchantErrorPacket-s-SniffHandler.cpp">
            <Filter>Source Files\Handlers\SniffHandler\Server</Filter>
        </ClCompile>
    </ItemGroup>
    <ItemGroup>
        <ClCompile Include="./../PacketProcessing\src/PacketProcessing/Handlers\SniffHandler\Server\BlackMarketSearchResultsPacket-s-SniffHandler.cpp">
            <Filter>Source Files\Handlers\SniffHandler\Server</Filter>
        </ClCompile>
    </ItemGroup>
    <ItemGroup>
        <ClCompile Include="./../PacketProcessing\src/PacketProcessing/Handlers\SniffHandler\Server\ShopInstantRestockPacket-s-SniffHandler.cpp">
            <Filter>Source Files\Handlers\SniffHandler\Server</Filter>
        </ClCompile>
    </ItemGroup>
    <ItemGroup>
        <ClCompile Include="./../PacketProcessing\src/PacketProcessing/Handlers\SniffHandler\Server\ShopLoadItemsPacket-s-SniffHandler.cpp">
            <Filter>Source Files\Handlers\SniffHandler\Server</Filter>
        </ClCompile>
    </ItemGroup>
    <ItemGroup>
        <ClCompile Include="./../PacketProcessing\src/PacketProcessing/Handlers\SniffHandler\Server\ShopUpdatePacket-s-SniffHandler.cpp">
            <Filter>Source Files\Handlers\SniffHandler\Server</Filter>
        </ClCompile>
    </ItemGroup>
    <ItemGroup>
        <ClCompile Include="./../PacketProcessing\src/PacketProcessing/Handlers\SniffHandler\Server\ShopBuyPacket-s-SniffHandler.cpp">
            <Filter>Source Files\Handlers\SniffHandler\Server</Filter>
        </ClCompile>
    </ItemGroup>
    <ItemGroup>
        <ClCompile Include="./../PacketProcessing\src/PacketProcessing/Handlers\SniffHandler\Server\ShopBuyBackItemCountPacket-s-SniffHandler.cpp">
            <Filter>Source Files\Handlers\SniffHandler\Server</Filter>
        </ClCompile>
    </ItemGroup>
    <ItemGroup>
        <ClCompile Include="./../PacketProcessing\src/PacketProcessing/Handlers\SniffHandler\Server\ShopAddBuyBackPacket-s-SniffHandler.cpp">
            <Filter>Source Files\Handlers\SniffHandler\Server</Filter>
        </ClCompile>
    </ItemGroup>
    <ItemGroup>
        <ClCompile Include="./../PacketProcessing\src/PacketProcessing/Handlers\SniffHandler\Server\ShopLoadMeretItemPacket-s-SniffHandler.cpp">
            <Filter>Source Files\Handlers\SniffHandler\Server</Filter>
        </ClCompile>
    </ItemGroup>
    <ItemGroup>
        <ClCompile Include="./../PacketProcessing\src/PacketProcessing/Handlers\SniffHandler\Server\ShopLoadNewPacket-s-SniffHandler.cpp">
            <Filter>Source Files\Handlers\SniffHandler\Server</Filter>
        </ClCompile>
    </ItemGroup>
    <ItemGroup>
        <ClCompile Include="./../PacketProcessing\src/PacketProcessing/Handlers\SniffHandler\Server\ShopErrorPacket-s-SniffHandler.cpp">
            <Filter>Source Files\Handlers\SniffHandler\Server</Filter>
        </ClCompile>
    </ItemGroup>
    <ItemGroup>
        <ClCompile Include="./../PacketProcessing\src/PacketProcessing/Handlers\SniffHandler\Server\FittingDollRemovePacket-s-SniffHandler.cpp">
            <Filter>Source Files\Handlers\SniffHandler\Server</Filter>
        </ClCompile>
    </ItemGroup>
    <ItemGroup>
        <ClCompile Include="./../PacketProcessing\src/PacketProcessing/Handlers\SniffHandler\Server\FittingDollPutOnItemPacket-s-SniffHandler.cpp">
            <Filter>Source Files\Handlers\SniffHandler\Server</Filter>
        </ClCompile>
    </ItemGroup>
    <ItemGroup>
        <ClCompile Include="./../PacketProcessing\src/PacketProcessing/Handlers\SniffHandler\Server\FittingDollRemoveItemPacket-s-SniffHandler.cpp">
            <Filter>Source Files\Handlers\SniffHandler\Server</Filter>
        </ClCompile>
    </ItemGroup>
    <ItemGroup>
        <ClCompile Include="./../PacketProcessing\src/PacketProcessing/Handlers\SniffHandler\Server\FittingDollErrorPacket-s-SniffHandler.cpp">
            <Filter>Source Files\Handlers\SniffHandler\Server</Filter>
        </ClCompile>
    </ItemGroup>
    <ItemGroup>
        <ClCompile Include="./../PacketProcessing\src/PacketProcessing/Handlers\SniffHandler\Server\TradeReceiveRequestPacket-s-SniffHandler.cpp">
            <Filter>Source Files\Handlers\SniffHandler\Server</Filter>
        </ClCompile>
    </ItemGroup>
    <ItemGroup>
        <ClCompile Include="./../PacketProcessing\src/PacketProcessing/Handlers\SniffHandler\Server\TradeConfirmRequestPacket-s-SniffHandler.cpp">
            <Filter>Source Files\Handlers\SniffHandler\Server</Filter>
        </ClCompile>
    </ItemGroup>
    <ItemGroup>
        <ClCompile Include="./../PacketProcessing\src/PacketProcessing/Handlers\SniffHandler\Server\TradeBeginPacket-s-SniffHandler.cpp">
            <Filter>Source Files\Handlers\SniffHandler\Server</Filter>
        </ClCompile>
    </ItemGroup>
    <ItemGroup>
        <ClCompile Include="./../PacketProcessing\src/PacketProcessing/Handlers\SniffHandler\Server\TradeEndPacket-s-SniffHandler.cpp">
            <Filter>Source Files\Handlers\SniffHandler\Server</Filter>
        </ClCompile>
    </ItemGroup>
    <ItemGroup>
        <ClCompile Include="./../PacketProcessing\src/PacketProcessing/Handlers\SniffHandler\Server\TradeAddItemPacket-s-SniffHandler.cpp">
            <Filter>Source Files\Handlers\SniffHandler\Server</Filter>
        </ClCompile>
    </ItemGroup>
    <ItemGroup>
        <ClCompile Include="./../PacketProcessing\src/PacketProcessing/Handlers\SniffHandler\Server\TradeRemoveItemPacket-s-SniffHandler.cpp">
            <Filter>Source Files\Handlers\SniffHandler\Server</Filter>
        </ClCompile>
    </ItemGroup>
    <ItemGroup>
        <ClCompile Include="./../PacketProcessing\src/PacketProcessing/Handlers\SniffHandler\Server\TradeSetMoneyPacket-s-SniffHandler.cpp">
            <Filter>Source Files\Handlers\SniffHandler\Server</Filter>
        </ClCompile>
    </ItemGroup>
    <ItemGroup>
        <ClCompile Include="./../PacketProcessing\src/PacketProcessing/Handlers\SniffHandler\Server\TradeFinalizePacket-s-SniffHandler.cpp">
            <Filter>Source Files\Handlers\SniffHandler\Server</Filter>
        </ClCompile>
    </ItemGroup>
    <ItemGroup>
        <ClCompile Include="./../PacketProcessing\src/PacketProcessing/Handlers\SniffHandler\Server\ItemEnchantUpdateExpPacket-s-SniffHandler.cpp">
            <Filter>Source Files\Handlers\SniffHandler\Server</Filter>
        </ClCompile>
    </ItemGroup>
    <ItemGroup>
        <ClCompile Include="./../PacketProcessing\src/PacketProcessing/Handlers\SniffHandler\Server\ItemEnchantUpdateChargesPacket-s-SniffHandler.cpp">
            <Filter>Source Files\Handlers\SniffHandler\Server</Filter>
        </ClCompile>
    </ItemGroup>
    <ItemGroup>
        <ClCompile Include="./../PacketProcessing\src/PacketProcessing/Handlers\SniffHandler\Server\ItemEnchantUpdateIngredientsPacket-s-SniffHandler.cpp">
            <Filter>Source Files\Handlers\SniffHandler\Server</Filter>
        </ClCompile>
    </ItemGroup>
    <ItemGroup>
        <ClCompile Include="./../PacketProcessing\src/PacketProcessing/Handlers\SniffHandler\Server\ItemEnchantFailPacket-s-SniffHandler.cpp">
            <Filter>Source Files\Handlers\SniffHandler\Server</Filter>
        </ClCompile>
    </ItemGroup>
    <ItemGroup>
        <ClCompile Include="./../PacketProcessing\src/PacketProcessing/Handlers\SniffHandler\Server\BlackMarketErrorPacket-s-SniffHandler.cpp">
            <Filter>Source Files\Handlers\SniffHandler\Server</Filter>
        </ClCompile>
    </ItemGroup>
    <ItemGroup>
        <ClCompile Include="./../PacketProcessing\src/PacketProcessing/Handlers\SniffHandler\Server\BlackMarketMyListingsPacket-s-SniffHandler.cpp">
            <Filter>Source Files\Handlers\SniffHandler\Server</Filter>
        </ClCompile>
    </ItemGroup>
    <ItemGroup>
        <ClCompile Include="./../PacketProcessing\src/PacketProcessing/Handlers\SniffHandler\Server\BlackMarketCreateListingPacket-s-SniffHandler.cpp">
            <Filter>Source Files\Handlers\SniffHandler\Server</Filter>
        </ClCompile>
    </ItemGroup>
    <ItemGroup>
        <ClCompile Include="./../PacketProcessing\src/PacketProcessing/Handlers\SniffHandler\Server\BlackMarketCancelListingPacket-s-SniffHandler.cpp">
            <Filter>Source Files\Handlers\SniffHandler\Server</Filter>
        </ClCompile>
    </ItemGroup>
    <ItemGroup>
        <ClCompile Include="./../PacketProcessing\src/PacketProcessing/Handlers\SniffHandler\Server\BlackMarketPurchasePacket-s-SniffHandler.cpp">
            <Filter>Source Files\Handlers\SniffHandler\Server</Filter>
        </ClCompile>
    </ItemGroup>
    <ItemGroup>
        <ClCompile Include="./../PacketProcessing\src/PacketProcessing/Handlers\SniffHandler\Server\BlackMarketPrepareListingPacket-s-SniffHandler.cpp">
            <Filter>Source Files\Handlers\SniffHandler\Server</Filter>
        </ClCompile>
    </ItemGroup>
    <ItemGroup>
        <ClCompile Include="./../PacketProcessing\src/PacketProcessing/Handlers\SniffHandler\Server\ChangeAttributesScrollApplyPacket-s-SniffHandler.cpp">
            <Filter>Source Files\Handlers\SniffHandler\Server</Filter>
        </ClCompile>
    </ItemGroup>
    <ItemGroup>
        <ClCompile Include="./../PacketProcessing\src/PacketProcessing/Handlers\SniffHandler\Server\PetInventoryStoreItemPacket-s-SniffHandler.cpp">
            <Filter>Source Files\Handlers\SniffHandler\Server</Filter>
        </ClCompile>
    </ItemGroup>
    <ItemGroup>
        <ClCompile Include="./../PacketProcessing\src/PacketProcessing/Handlers\SniffHandler\Server\PetInventoryRemoveItemPacket-s-SniffHandler.cpp">
            <Filter>Source Files\Handlers\SniffHandler\Server</Filter>
        </ClCompile>
    </ItemGroup>
    <ItemGroup>
        <ClCompile Include="./../PacketProcessing\src/PacketProcessing/Handlers\SniffHandler\Server\PetInventoryMoveItemPacket-s-SniffHandler.cpp">
            <Filter>Source Files\Handlers\SniffHandler\Server</Filter>
        </ClCompile>
    </ItemGroup>
    <ItemGroup>
        <ClCompile Include="./../PacketProcessing\src/PacketProcessing/Handlers\SniffHandler\Server\PetInventoryListItemsPacket-s-SniffHandler.cpp">
            <Filter>Source Files\Handlers\SniffHandler\Server</Filter>
        </ClCompile>
    </ItemGroup>
    <ItemGroup>
        <ClCompile Include="./../PacketProcessing\src/PacketProcessing/Handlers\SniffHandler\Server\PetInventoryStartListPacket-s-SniffHandler.cpp">
            <Filter>Source Files\Handlers\SniffHandler\Server</Filter>
        </ClCompile>
    </ItemGroup>
</Project>
