<?xml version="1.0" encoding="utf-8"?>
<Project ToolsVersion="4.0" xmlns="http://schemas.microsoft.com/developer/msbuild/2003">
    <ItemGroup>
        <Filter Include="Source Files">
            <UniqueIdentifier>{4FC737F1-C7A5-4376-A066-2A32D752A2FF}</UniqueIdentifier>
            <Extensions>cpp;c;cc;cxx;c++;cppm;ixx;def;odl;idl;hpj;bat;asm;asmx</Extensions>
        </Filter>
        <Filter Include="Header Files">
            <UniqueIdentifier>{93995380-89BD-4b04-88EB-625FBE52EBFB}</UniqueIdentifier>
            <Extensions>h;hh;hpp;hxx;h++;hm;inl;inc;ipp;xsd</Extensions>
        </Filter>
        <Filter Include="Resource Files">
            <UniqueIdentifier>{67DA6AB6-F800-4c08-8B7A-83BB121AAD01}</UniqueIdentifier>
            <Extensions>rc;ico;cur;bmp;dlg;rc2;rct;bin;rgs;gif;jpg;jpeg;jpe;resx;tiff;tif;png;wav;mfcribbon-ms</Extensions>
        </Filter>
        <Filter Include="Source Files\Handlers">
            <UniqueIdentifier>{dab69698-0135-427f-ab00-1c7b030e82c2}</UniqueIdentifier>
        </Filter>
        <Filter Include="Source Files\Handlers\SniffHandler">
            <UniqueIdentifier>{9f6876de-7a6c-4109-b7cf-ab972a09d189}</UniqueIdentifier>
        </Filter>
        <Filter Include="Source Files\Handlers\SniffHandler\Server">
            <UniqueIdentifier>{6677551c-86df-424b-9b9a-5f76176d2190}</UniqueIdentifier>
        </Filter>
        <Filter Include="Source Files\Handlers\SniffHandler\Client">
            <UniqueIdentifier>{fbb7ef1d-0748-47ac-aba1-0cb4c6e85ce2}</UniqueIdentifier>
        </Filter>
    </ItemGroup>
    <ItemGroup>
        <ClInclude Include="src\PacketProcessing\PacketParser.h">
            <Filter>Source Files</Filter>
        </ClInclude>
        <ClInclude Include="src\PacketProcessing\PacketParserBase.h">
            <Filter>Source Files</Filter>
        </ClInclude>
        <ClInclude Include="src\PacketProcessing\Handlers\SniffHandler\SniffHandler-decl.h">
            <Filter>Source Files\Handlers\SniffHandler</Filter>
        </ClInclude>
        <ClInclude Include="src\PacketProcessing\Handlers\SniffHandler\SniffHandler.h">
            <Filter>Source Files\Handlers\SniffHandler</Filter>
        </ClInclude>
        <ClInclude Include="src\PacketProcessing\PacketParserOutputs.h">
            <Filter>Source Files</Filter>
        </ClInclude>
        <ClInclude Include="src\PacketProcessing\PacketLogging.h">
            <Filter>Source Files\Handlers</Filter>
        </ClInclude>
    </ItemGroup>
    <ItemGroup>
        <ClCompile Include="src\PacketProcessing\PacketParser.cpp">
            <Filter>Source Files</Filter>
        </ClCompile>
        <ClCompile Include="src\PacketProcessing\PacketParserBase.cpp">
            <Filter>Source Files</Filter>
        </ClCompile>
        <ClCompile Include="src\PacketProcessing\Handlers\SniffHandler\SniffHandler.cpp">
            <Filter>Source Files\Handlers\SniffHandler</Filter>
        </ClCompile>
        <ClCompile Include="src\PacketProcessing\PacketOpcodes.cpp">
            <Filter>Source Files</Filter>
        </ClCompile>
        <ClCompile Include="src\PacketProcessing\PacketLogging.cpp">
            <Filter>Source Files\Handlers</Filter>
        </ClCompile>
    </ItemGroup>
    <ItemGroup>
        <ClCompile Include="./../PacketProcessing\src/PacketProcessing/Handlers\SniffHandler\Server\FieldRemovePlayer-s-SniffHandler.cpp">
            <Filter>Source Files\Handlers\SniffHandler\Server</Filter>
        </ClCompile>
    </ItemGroup>
    <ItemGroup>
        <ClCompile Include="./../PacketProcessing\src/PacketProcessing/Handlers\SniffHandler\Server\FieldRemoveNpc-s-SniffHandler.cpp">
            <Filter>Source Files\Handlers\SniffHandler\Server</Filter>
        </ClCompile>
    </ItemGroup>
    <ItemGroup>
        <ClCompile Include="./../PacketProcessing\src/PacketProcessing/Handlers\SniffHandler\Server\Reconnect7-s-SniffHandler.cpp">
            <Filter>Source Files\Handlers\SniffHandler\Server</Filter>
        </ClCompile>
    </ItemGroup>
    <ItemGroup>
        <ClCompile Include="./../PacketProcessing\src/PacketProcessing/Handlers\SniffHandler\Server\FieldAddPlayer-s-SniffHandler.cpp">
            <Filter>Source Files\Handlers\SniffHandler\Server</Filter>
        </ClCompile>
    </ItemGroup>
    <ItemGroup>
        <ClCompile Include="./../PacketProcessing\src/PacketProcessing/Handlers\SniffHandler\Server\LevelUp-s-SniffHandler.cpp">
            <Filter>Source Files\Handlers\SniffHandler\Server</Filter>
        </ClCompile>
    </ItemGroup>
    <ItemGroup>
        <ClCompile Include="./../PacketProcessing\src/PacketProcessing/Handlers\SniffHandler\Server\UserChat-s-SniffHandler.cpp">
            <Filter>Source Files\Handlers\SniffHandler\Server</Filter>
        </ClCompile>
    </ItemGroup>
    <ItemGroup>
        <ClCompile Include="./../PacketProcessing\src/PacketProcessing/Handlers\SniffHandler\Server\ServerEnter-s-SniffHandler.cpp">
            <Filter>Source Files\Handlers\SniffHandler\Server</Filter>
        </ClCompile>
    </ItemGroup>
    <ItemGroup>
        <ClCompile Include="./../PacketProcessing\src/PacketProcessing/Handlers\SniffHandler\Server\FieldAddNpc-s-SniffHandler.cpp">
            <Filter>Source Files\Handlers\SniffHandler\Server</Filter>
        </ClCompile>
    </ItemGroup>
    <ItemGroup>
        <ClCompile Include="./../PacketProcessing\src/PacketProcessing/Handlers\SniffHandler\Server\RequestFieldEnter-s-SniffHandler.cpp">
            <Filter>Source Files\Handlers\SniffHandler\Server</Filter>
        </ClCompile>
    </ItemGroup>
    <ItemGroup>
        <ClCompile Include="./../PacketProcessing\src/PacketProcessing/Handlers\SniffHandler\Server\FieldAddItem-s-SniffHandler.cpp">
            <Filter>Source Files\Handlers\SniffHandler\Server</Filter>
        </ClCompile>
    </ItemGroup>
    <ItemGroup>
        <ClCompile Include="./../PacketProcessing\src/PacketProcessing/Handlers\SniffHandler\Server\CharacterInfo-s-SniffHandler.cpp">
            <Filter>Source Files\Handlers\SniffHandler\Server</Filter>
        </ClCompile>
    </ItemGroup>
    <ItemGroup>
        <ClCompile Include="./../PacketProcessing\src/PacketProcessing/Handlers\SniffHandler\Server\Buff-s-SniffHandler.cpp">
            <Filter>Source Files\Handlers\SniffHandler\Server</Filter>
        </ClCompile>
    </ItemGroup>
    <ItemGroup>
        <ClCompile Include="./../PacketProcessing\src/PacketProcessing/Handlers\SniffHandler\Server\FieldRemoveItem-s-SniffHandler.cpp">
            <Filter>Source Files\Handlers\SniffHandler\Server</Filter>
        </ClCompile>
    </ItemGroup>
    <ItemGroup>
        <ClCompile Include="./../PacketProcessing\src/PacketProcessing/Handlers\SniffHandler\Server\Stat-s-SniffHandler.cpp">
            <Filter>Source Files\Handlers\SniffHandler\Server</Filter>
        </ClCompile>
    </ItemGroup>
    <ItemGroup>
        <ClCompile Include="./../PacketProcessing\src/PacketProcessing/Handlers\SniffHandler\Server\ExpUp-s-SniffHandler.cpp">
            <Filter>Source Files\Handlers\SniffHandler\Server</Filter>
        </ClCompile>
    </ItemGroup>
    <ItemGroup>
        <ClCompile Include="./../PacketProcessing\src/PacketProcessing/Handlers\SniffHandler\Server\Job-s-SniffHandler.cpp">
            <Filter>Source Files\Handlers\SniffHandler\Server</Filter>
        </ClCompile>
    </ItemGroup>
    <ItemGroup>
        <ClCompile Include="./../PacketProcessing\src/PacketProcessing/Handlers\SniffHandler\Server\FieldAddPet-s-SniffHandler.cpp">
            <Filter>Source Files\Handlers\SniffHandler\Server</Filter>
        </ClCompile>
    </ItemGroup>
    <ItemGroup>
        <ClCompile Include="./../PacketProcessing\src/PacketProcessing/Handlers\SniffHandler\Server\FieldRemovePet-s-SniffHandler.cpp">
            <Filter>Source Files\Handlers\SniffHandler\Server</Filter>
        </ClCompile>
    </ItemGroup>
    <ItemGroup>
        <ClCompile Include="./../PacketProcessing\src/PacketProcessing/Handlers\SniffHandler\Client\ResponseHeartbeat-c-SniffHandler.cpp">
            <Filter>Source Files\Handlers\SniffHandler\Client</Filter>
        </ClCompile>
    </ItemGroup>
    <ItemGroup>
        <ClCompile Include="./../PacketProcessing\src/PacketProcessing/Handlers\SniffHandler\Client\ResponseVersion-c-SniffHandler.cpp">
            <Filter>Source Files\Handlers\SniffHandler\Client</Filter>
        </ClCompile>
    </ItemGroup>
    <ItemGroup>
        <ClCompile Include="./../PacketProcessing\src/PacketProcessing/Handlers\SniffHandler\Client\Reconnect-c-SniffHandler.cpp">
            <Filter>Source Files\Handlers\SniffHandler\Client</Filter>
        </ClCompile>
    </ItemGroup>
    <ItemGroup>
        <ClCompile Include="./../PacketProcessing\src/PacketProcessing/Handlers\SniffHandler\Client\Handshake-c-SniffHandler.cpp">
            <Filter>Source Files\Handlers\SniffHandler\Client</Filter>
        </ClCompile>
    </ItemGroup>
    <ItemGroup>
        <ClCompile Include="./../PacketProcessing\src/PacketProcessing/Handlers\SniffHandler\Client\ResponseKey-c-SniffHandler.cpp">
            <Filter>Source Files\Handlers\SniffHandler\Client</Filter>
        </ClCompile>
    </ItemGroup>
    <ItemGroup>
        <ClCompile Include="./../PacketProcessing\src/PacketProcessing/Handlers\SniffHandler\Client\RequestQuit-c-SniffHandler.cpp">
            <Filter>Source Files\Handlers\SniffHandler\Client</Filter>
        </ClCompile>
    </ItemGroup>
    <ItemGroup>
        <ClCompile Include="./../PacketProcessing\src/PacketProcessing/Handlers\SniffHandler\Client\StateSkill-c-SniffHandler.cpp">
            <Filter>Source Files\Handlers\SniffHandler\Client</Filter>
        </ClCompile>
    </ItemGroup>
    <ItemGroup>
        <ClCompile Include="./../PacketProcessing\src/PacketProcessing/Handlers\SniffHandler\Client\SystemInfo-c-SniffHandler.cpp">
            <Filter>Source Files\Handlers\SniffHandler\Client</Filter>
        </ClCompile>
    </ItemGroup>
    <ItemGroup>
        <ClCompile Include="./../PacketProcessing\src/PacketProcessing/Handlers\SniffHandler\Server\ItemPutOn-s-SniffHandler.cpp">
            <Filter>Source Files\Handlers\SniffHandler\Server</Filter>
        </ClCompile>
    </ItemGroup>
    <ItemGroup>
        <ClCompile Include="./../PacketProcessing\src/PacketProcessing/Handlers\SniffHandler\Server\UserChatItemLink-s-SniffHandler.cpp">
            <Filter>Source Files\Handlers\SniffHandler\Server</Filter>
        </ClCompile>
    </ItemGroup>
    <ItemGroup>
        <ClCompile Include="./../PacketProcessing\src/PacketProcessing/Handlers\SniffHandler\Server\ItemSkinPutOff-s-SniffHandler.cpp">
            <Filter>Source Files\Handlers\SniffHandler\Server</Filter>
        </ClCompile>
    </ItemGroup>
    <ItemGroup>
        <ClCompile Include="./../PacketProcessing\src/PacketProcessing/Handlers\SniffHandler\Server\ItemPutOff-s-SniffHandler.cpp">
            <Filter>Source Files\Handlers\SniffHandler\Server</Filter>
        </ClCompile>
    </ItemGroup>
    <ItemGroup>
        <ClCompile Include="./../PacketProcessing\src/PacketProcessing/Handlers\SniffHandler\Server\ItemSkinPutOn-s-SniffHandler.cpp">
            <Filter>Source Files\Handlers\SniffHandler\Server</Filter>
        </ClCompile>
    </ItemGroup>
    <ItemGroup>
        <ClCompile Include="./../PacketProcessing\src/PacketProcessing/Handlers\SniffHandler\Server\ItemUpdate-s-SniffHandler.cpp">
            <Filter>Source Files\Handlers\SniffHandler\Server</Filter>
        </ClCompile>
    </ItemGroup>
    <ItemGroup>
        <ClCompile Include="./../PacketProcessing\src/PacketProcessing/Handlers\SniffHandler\Server\EnchantScroll-s-SniffHandler.cpp">
            <Filter>Source Files\Handlers\SniffHandler\Server</Filter>
        </ClCompile>
    </ItemGroup>
    <ItemGroup>
        <ClCompile Include="./../PacketProcessing\src/PacketProcessing/Handlers\SniffHandler\Server\Mail-s-SniffHandler.cpp">
            <Filter>Source Files\Handlers\SniffHandler\Server</Filter>
        </ClCompile>
    </ItemGroup>
    <ItemGroup>
        <ClCompile Include="./../PacketProcessing\src/PacketProcessing/Handlers\SniffHandler\Server\NpcTalk-s-SniffHandler.cpp">
            <Filter>Source Files\Handlers\SniffHandler\Server</Filter>
        </ClCompile>
    </ItemGroup>
    <ItemGroup>
        <ClCompile Include="./../PacketProcessing\src/PacketProcessing/Handlers\SniffHandler\Server\CharacterList-s-SniffHandler.cpp">
            <Filter>Source Files\Handlers\SniffHandler\Server</Filter>
        </ClCompile>
    </ItemGroup>
    <ItemGroup>
        <ClCompile Include="./../PacketProcessing\src/PacketProcessing/Handlers\SniffHandler\Server\ItemLock-s-SniffHandler.cpp">
            <Filter>Source Files\Handlers\SniffHandler\Server</Filter>
        </ClCompile>
    </ItemGroup>
    <ItemGroup>
        <ClCompile Include="./../PacketProcessing\src/PacketProcessing/Handlers\SniffHandler\Server\FurnishingStorage-s-SniffHandler.cpp">
            <Filter>Source Files\Handlers\SniffHandler\Server</Filter>
        </ClCompile>
    </ItemGroup>
    <ItemGroup>
        <ClCompile Include="./../PacketProcessing\src/PacketProcessing/Handlers\SniffHandler\Server\ChangeAttributesScroll-s-SniffHandler.cpp">
            <Filter>Source Files\Handlers\SniffHandler\Server</Filter>
        </ClCompile>
    </ItemGroup>
    <ItemGroup>
        <ClCompile Include="./../PacketProcessing\src/PacketProcessing/Handlers\SniffHandler\Server\LoadCubes-s-SniffHandler.cpp">
            <Filter>Source Files\Handlers\SniffHandler\Server</Filter>
        </ClCompile>
    </ItemGroup>
    <ItemGroup>
        <ClCompile Include="./../PacketProcessing\src/PacketProcessing/Handlers\SniffHandler\Server\BindItem-s-SniffHandler.cpp">
            <Filter>Source Files\Handlers\SniffHandler\Server</Filter>
        </ClCompile>
    </ItemGroup>
    <ItemGroup>
        <ClCompile Include="./../PacketProcessing\src/PacketProcessing/Handlers\SniffHandler\Server\SkillDamage-s-SniffHandler.cpp">
            <Filter>Source Files\Handlers\SniffHandler\Server</Filter>
        </ClCompile>
    </ItemGroup>
    <ItemGroup>
        <ClCompile Include="./../PacketProcessing\src/PacketProcessing/Handlers\SniffHandler\Server\ChangeAttributes-s-SniffHandler.cpp">
            <Filter>Source Files\Handlers\SniffHandler\Server</Filter>
        </ClCompile>
    </ItemGroup>
    <ItemGroup>
        <ClCompile Include="./../PacketProcessing\src/PacketProcessing/Handlers\SniffHandler\Server\Shop-s-SniffHandler.cpp">
            <Filter>Source Files\Handlers\SniffHandler\Server</Filter>
        </ClCompile>
    </ItemGroup>
    <ItemGroup>
        <ClCompile Include="./../PacketProcessing\src/PacketProcessing/Handlers\SniffHandler\Server\ItemEnchant-s-SniffHandler.cpp">
            <Filter>Source Files\Handlers\SniffHandler\Server</Filter>
        </ClCompile>
    </ItemGroup>
    <ItemGroup>
        <ClCompile Include="./../PacketProcessing\src/PacketProcessing/Handlers\SniffHandler\Server\Trophy-s-SniffHandler.cpp">
            <Filter>Source Files\Handlers\SniffHandler\Server</Filter>
        </ClCompile>
    </ItemGroup>
    <ItemGroup>
        <ClCompile Include="./../PacketProcessing\src/PacketProcessing/Handlers\SniffHandler\Server\Trade-s-SniffHandler.cpp">
            <Filter>Source Files\Handlers\SniffHandler\Server</Filter>
        </ClCompile>
    </ItemGroup>
    <ItemGroup>
        <ClCompile Include="./../PacketProcessing\src/PacketProcessing/Handlers\SniffHandler\Server\FittingDoll-s-SniffHandler.cpp">
            <Filter>Source Files\Handlers\SniffHandler\Server</Filter>
        </ClCompile>
    </ItemGroup>
    <ItemGroup>
        <ClCompile Include="./../PacketProcessing\src/PacketProcessing/Handlers\SniffHandler\Server\BlackMarket-s-SniffHandler.cpp">
            <Filter>Source Files\Handlers\SniffHandler\Server</Filter>
        </ClCompile>
    </ItemGroup>
    <ItemGroup>
        <ClCompile Include="./../PacketProcessing\src/PacketProcessing/Handlers\SniffHandler\Server\Pet-s-SniffHandler.cpp">
            <Filter>Source Files\Handlers\SniffHandler\Server</Filter>
        </ClCompile>
    </ItemGroup>
    <ItemGroup>
        <ClCompile Include="./../PacketProcessing\src/PacketProcessing/Handlers\SniffHandler\Server\PlayInstrument-s-SniffHandler.cpp">
            <Filter>Source Files\Handlers\SniffHandler\Server</Filter>
        </ClCompile>
    </ItemGroup>
    <ItemGroup>
        <ClCompile Include="./../PacketProcessing\src/PacketProcessing/Handlers\SniffHandler\Server\PetInventory-s-SniffHandler.cpp">
            <Filter>Source Files\Handlers\SniffHandler\Server</Filter>
        </ClCompile>
    </ItemGroup>
    <ItemGroup>
        <ClCompile Include="./../PacketProcessing\src/PacketProcessing/Handlers\SniffHandler\Client\LogIn-c-SniffHandler.cpp">
            <Filter>Source Files\Handlers\SniffHandler\Client</Filter>
        </ClCompile>
    </ItemGroup>
    <ItemGroup>
        <ClCompile Include="./../PacketProcessing\src/PacketProcessing/Handlers\SniffHandler\Client\Skill-c-SniffHandler.cpp">
            <Filter>Source Files\Handlers\SniffHandler\Client</Filter>
        </ClCompile>
    </ItemGroup>
    <ItemGroup>
        <ClCompile Include="./../PacketProcessing\src/PacketProcessing/Handlers\SniffHandler\Client\NpcTalk-c-SniffHandler.cpp">
            <Filter>Source Files\Handlers\SniffHandler\Client</Filter>
        </ClCompile>
    </ItemGroup>
</Project>
