<?xml version="1.0" encoding="utf-8"?>
<Project ToolsVersion="4.0" xmlns="http://schemas.microsoft.com/developer/msbuild/2003">
  <ItemGroup>
    <Filter Include="Source Files">
      <UniqueIdentifier>{4FC737F1-C7A5-4376-A066-2A32D752A2FF}</UniqueIdentifier>
      <Extensions>cpp;c;cc;cxx;c++;cppm;ixx;def;odl;idl;hpj;bat;asm;asmx</Extensions>
    </Filter>
    <Filter Include="Header Files">
      <UniqueIdentifier>{93995380-89BD-4b04-88EB-625FBE52EBFB}</UniqueIdentifier>
      <Extensions>h;hh;hpp;hxx;h++;hm;inl;inc;ipp;xsd</Extensions>
    </Filter>
    <Filter Include="Resource Files">
      <UniqueIdentifier>{67DA6AB6-F800-4c08-8B7A-83BB121AAD01}</UniqueIdentifier>
      <Extensions>rc;ico;cur;bmp;dlg;rc2;rct;bin;rgs;gif;jpg;jpeg;jpe;resx;tiff;tif;png;wav;mfcribbon-ms</Extensions>
    </Filter>
    <Filter Include="Source Files\Schema">
      <UniqueIdentifier>{6cd30161-ff44-42b3-9157-ef8a08fb5fc3}</UniqueIdentifier>
    </Filter>
  </ItemGroup>
  <ItemGroup>
    <ClCompile Include="src\GameDataSchema\SchemaMain.cpp">
      <Filter>Source Files</Filter>
    </ClCompile>
    <ClCompile Include="src\GameDataSchema\Schema\GameSchema.cpp">
      <Filter>Source Files\Schema</Filter>
    </ClCompile>
    <ClCompile Include="src\GameDataSchema\Schema\SchemaTypes.cpp">
      <Filter>Source Files\Schema</Filter>
    </ClCompile>
    <ClCompile Include="src\GameDataSchema\Schema\FileValidator.cpp">
      <Filter>Source Files\Schema</Filter>
    </ClCompile>
    <ClCompile Include="src\GameDataSchema\Schema\OutputSchema.cpp">
      <Filter>Source Files\Schema</Filter>
    </ClCompile>
    <ClCompile Include="src\GameDataSchema\Schema\ModuleWriter.cpp">
      <Filter>Source Files\Schema</Filter>
    </ClCompile>
    <ClCompile Include="src\GameDataSchema\Schema\PacketSchema.cpp">
      <Filter>Source Files\Schema</Filter>
    </ClCompile>
  </ItemGroup>
  <ItemGroup>
    <ClInclude Include="src\GameDataSchema\Schema\GameSchema.h">
      <Filter>Source Files\Schema</Filter>
    </ClInclude>
    <ClInclude Include="src\GameDataSchema\Schema\SchemaTypes.h">
      <Filter>Source Files\Schema</Filter>
    </ClInclude>
    <ClInclude Include="src\GameDataSchema\Schema\FileValidator.h">
      <Filter>Source Files\Schema</Filter>
    </ClInclude>
    <ClInclude Include="src\GameDataSchema\Schema\OutputSchema.h">
      <Filter>Source Files\Schema</Filter>
    </ClInclude>
    <ClInclude Include="src\GameDataSchema\Schema\ModuleWriter.h">
      <Filter>Source Files\Schema</Filter>
    </ClInclude>
    <ClInclude Include="src\GameDataSchema\Schema\PacketScheam.h">
      <Filter>Source Files\Schema</Filter>
    </ClInclude>
  </ItemGroup>
</Project>